<?xml version="1.0" encoding="utf-8"?>
<Project ToolsVersion="16.0" xmlns="http://schemas.microsoft.com/developer/msbuild/2003">
  <ItemGroup>
    <ClCompile Include="C:\Users\Tim\Desktop\Voidfall\Voidfall\OpenALSoft\al\auxeffectslot.cpp">
      <Filter>Source Files</Filter>
    </ClCompile>
    <ClCompile Include="C:\Users\Tim\Desktop\Voidfall\Voidfall\OpenALSoft\al\buffer.cpp">
      <Filter>Source Files</Filter>
    </ClCompile>
    <ClCompile Include="C:\Users\Tim\Desktop\Voidfall\Voidfall\OpenALSoft\al\effect.cpp">
      <Filter>Source Files</Filter>
    </ClCompile>
    <ClCompile Include="C:\Users\Tim\Desktop\Voidfall\Voidfall\OpenALSoft\al\error.cpp">
      <Filter>Source Files</Filter>
    </ClCompile>
    <ClCompile Include="C:\Users\Tim\Desktop\Voidfall\Voidfall\OpenALSoft\al\event.cpp">
      <Filter>Source Files</Filter>
    </ClCompile>
    <ClCompile Include="C:\Users\Tim\Desktop\Voidfall\Voidfall\OpenALSoft\al\extension.cpp">
      <Filter>Source Files</Filter>
    </ClCompile>
    <ClCompile Include="C:\Users\Tim\Desktop\Voidfall\Voidfall\OpenALSoft\al\filter.cpp">
      <Filter>Source Files</Filter>
    </ClCompile>
    <ClCompile Include="C:\Users\Tim\Desktop\Voidfall\Voidfall\OpenALSoft\al\listener.cpp">
      <Filter>Source Files</Filter>
    </ClCompile>
    <ClCompile Include="C:\Users\Tim\Desktop\Voidfall\Voidfall\OpenALSoft\al\source.cpp">
      <Filter>Source Files</Filter>
    </ClCompile>
    <ClCompile Include="C:\Users\Tim\Desktop\Voidfall\Voidfall\OpenALSoft\al\state.cpp">
      <Filter>Source Files</Filter>
    </ClCompile>
    <ClCompile Include="C:\Users\Tim\Desktop\Voidfall\Voidfall\OpenALSoft\alc\alc.cpp">
      <Filter>Source Files</Filter>
    </ClCompile>
    <ClCompile Include="C:\Users\Tim\Desktop\Voidfall\Voidfall\OpenALSoft\alc\alu.cpp">
      <Filter>Source Files</Filter>
    </ClCompile>
    <ClCompile Include="C:\Users\Tim\Desktop\Voidfall\Voidfall\OpenALSoft\alc\alconfig.cpp">
      <Filter>Source Files</Filter>
    </ClCompile>
    <ClCompile Include="C:\Users\Tim\Desktop\Voidfall\Voidfall\OpenALSoft\alc\ambdec.cpp">
      <Filter>Source Files</Filter>
    </ClCompile>
    <ClCompile Include="C:\Users\Tim\Desktop\Voidfall\Voidfall\OpenALSoft\alc\bformatdec.cpp">
      <Filter>Source Files</Filter>
    </ClCompile>
    <ClCompile Include="C:\Users\Tim\Desktop\Voidfall\Voidfall\OpenALSoft\alc\bs2b.cpp">
      <Filter>Source Files</Filter>
    </ClCompile>
    <ClCompile Include="C:\Users\Tim\Desktop\Voidfall\Voidfall\OpenALSoft\alc\converter.cpp">
      <Filter>Source Files</Filter>
    </ClCompile>
    <ClCompile Include="C:\Users\Tim\Desktop\Voidfall\Voidfall\OpenALSoft\alc\cpu_caps.cpp">
      <Filter>Source Files</Filter>
    </ClCompile>
    <ClCompile Include="C:\Users\Tim\Desktop\Voidfall\Voidfall\OpenALSoft\alc\effects\autowah.cpp">
      <Filter>Source Files</Filter>
    </ClCompile>
    <ClCompile Include="C:\Users\Tim\Desktop\Voidfall\Voidfall\OpenALSoft\alc\effects\chorus.cpp">
      <Filter>Source Files</Filter>
    </ClCompile>
    <ClCompile Include="C:\Users\Tim\Desktop\Voidfall\Voidfall\OpenALSoft\alc\effects\compressor.cpp">
      <Filter>Source Files</Filter>
    </ClCompile>
    <ClCompile Include="C:\Users\Tim\Desktop\Voidfall\Voidfall\OpenALSoft\alc\effects\dedicated.cpp">
      <Filter>Source Files</Filter>
    </ClCompile>
    <ClCompile Include="C:\Users\Tim\Desktop\Voidfall\Voidfall\OpenALSoft\alc\effects\distortion.cpp">
      <Filter>Source Files</Filter>
    </ClCompile>
    <ClCompile Include="C:\Users\Tim\Desktop\Voidfall\Voidfall\OpenALSoft\alc\effects\echo.cpp">
      <Filter>Source Files</Filter>
    </ClCompile>
    <ClCompile Include="C:\Users\Tim\Desktop\Voidfall\Voidfall\OpenALSoft\alc\effects\equalizer.cpp">
      <Filter>Source Files</Filter>
    </ClCompile>
    <ClCompile Include="C:\Users\Tim\Desktop\Voidfall\Voidfall\OpenALSoft\alc\effects\fshifter.cpp">
      <Filter>Source Files</Filter>
    </ClCompile>
    <ClCompile Include="C:\Users\Tim\Desktop\Voidfall\Voidfall\OpenALSoft\alc\effects\modulator.cpp">
      <Filter>Source Files</Filter>
    </ClCompile>
    <ClCompile Include="C:\Users\Tim\Desktop\Voidfall\Voidfall\OpenALSoft\alc\effects\null.cpp">
      <Filter>Source Files</Filter>
    </ClCompile>
    <ClCompile Include="C:\Users\Tim\Desktop\Voidfall\Voidfall\OpenALSoft\alc\effects\pshifter.cpp">
      <Filter>Source Files</Filter>
    </ClCompile>
    <ClCompile Include="C:\Users\Tim\Desktop\Voidfall\Voidfall\OpenALSoft\alc\effects\reverb.cpp">
      <Filter>Source Files</Filter>
    </ClCompile>
    <ClCompile Include="C:\Users\Tim\Desktop\Voidfall\Voidfall\OpenALSoft\alc\effects\vmorpher.cpp">
      <Filter>Source Files</Filter>
    </ClCompile>
    <ClCompile Include="C:\Users\Tim\Desktop\Voidfall\Voidfall\OpenALSoft\alc\filters\biquad.cpp">
      <Filter>Source Files</Filter>
    </ClCompile>
    <ClCompile Include="C:\Users\Tim\Desktop\Voidfall\Voidfall\OpenALSoft\alc\filters\nfc.cpp">
      <Filter>Source Files</Filter>
    </ClCompile>
    <ClCompile Include="C:\Users\Tim\Desktop\Voidfall\Voidfall\OpenALSoft\alc\filters\splitter.cpp">
      <Filter>Source Files</Filter>
    </ClCompile>
    <ClCompile Include="C:\Users\Tim\Desktop\Voidfall\Voidfall\OpenALSoft\alc\fpu_ctrl.cpp">
      <Filter>Source Files</Filter>
    </ClCompile>
    <ClCompile Include="C:\Users\Tim\Desktop\Voidfall\Voidfall\OpenALSoft\alc\helpers.cpp">
      <Filter>Source Files</Filter>
    </ClCompile>
    <ClCompile Include="C:\Users\Tim\Desktop\Voidfall\Voidfall\OpenALSoft\alc\hrtf.cpp">
      <Filter>Source Files</Filter>
    </ClCompile>
    <ClCompile Include="C:\Users\Tim\Desktop\Voidfall\Voidfall\OpenALSoft\alc\mastering.cpp">
      <Filter>Source Files</Filter>
    </ClCompile>
    <ClCompile Include="C:\Users\Tim\Desktop\Voidfall\Voidfall\OpenALSoft\alc\panning.cpp">
      <Filter>Source Files</Filter>
    </ClCompile>
    <ClCompile Include="C:\Users\Tim\Desktop\Voidfall\Voidfall\OpenALSoft\alc\ringbuffer.cpp">
      <Filter>Source Files</Filter>
    </ClCompile>
    <ClCompile Include="C:\Users\Tim\Desktop\Voidfall\Voidfall\OpenALSoft\alc\uhjfilter.cpp">
      <Filter>Source Files</Filter>
    </ClCompile>
    <ClCompile Include="C:\Users\Tim\Desktop\Voidfall\Voidfall\OpenALSoft\alc\uiddefs.cpp">
      <Filter>Source Files</Filter>
    </ClCompile>
    <ClCompile Include="C:\Users\Tim\Desktop\Voidfall\Voidfall\OpenALSoft\alc\voice.cpp">
      <Filter>Source Files</Filter>
    </ClCompile>
    <ClCompile Include="C:\Users\Tim\Desktop\Voidfall\Voidfall\OpenALSoft\alc\mixer\mixer_c.cpp">
      <Filter>Source Files</Filter>
    </ClCompile>
    <ClCompile Include="C:\Users\Tim\Desktop\Voidfall\Voidfall\OpenALSoft\alc\mixer\mixer_sse.cpp">
      <Filter>Source Files</Filter>
    </ClCompile>
    <ClCompile Include="C:\Users\Tim\Desktop\Voidfall\Voidfall\OpenALSoft\alc\mixer\mixer_sse2.cpp">
      <Filter>Source Files</Filter>
    </ClCompile>
    <ClCompile Include="C:\Users\Tim\Desktop\Voidfall\Voidfall\OpenALSoft\alc\mixer\mixer_sse3.cpp">
      <Filter>Source Files</Filter>
    </ClCompile>
    <ClCompile Include="C:\Users\Tim\Desktop\Voidfall\Voidfall\OpenALSoft\alc\mixer\mixer_sse41.cpp">
      <Filter>Source Files</Filter>
    </ClCompile>
    <ClCompile Include="C:\Users\Tim\Desktop\Voidfall\Voidfall\OpenALSoft\alc\backends\base.cpp">
      <Filter>Source Files</Filter>
    </ClCompile>
    <ClCompile Include="C:\Users\Tim\Desktop\Voidfall\Voidfall\OpenALSoft\alc\backends\loopback.cpp">
      <Filter>Source Files</Filter>
    </ClCompile>
    <ClCompile Include="C:\Users\Tim\Desktop\Voidfall\Voidfall\OpenALSoft\alc\backends\null.cpp">
      <Filter>Source Files</Filter>
    </ClCompile>
    <ClCompile Include="C:\Users\Tim\Desktop\Voidfall\Voidfall\OpenALSoft\alc\backends\winmm.cpp">
      <Filter>Source Files</Filter>
    </ClCompile>
    <ClCompile Include="C:\Users\Tim\Desktop\Voidfall\Voidfall\OpenALSoft\alc\backends\dsound.cpp">
      <Filter>Source Files</Filter>
    </ClCompile>
    <ClCompile Include="C:\Users\Tim\Desktop\Voidfall\Voidfall\OpenALSoft\alc\backends\wasapi.cpp">
      <Filter>Source Files</Filter>
    </ClCompile>
    <ClCompile Include="C:\Users\Tim\Desktop\Voidfall\Voidfall\OpenALSoft\alc\backends\wave.cpp">
      <Filter>Source Files</Filter>
    </ClCompile>
  </ItemGroup>
  <ItemGroup>
    <ClInclude Include="C:\Users\Tim\Desktop\Voidfall\Voidfall\OpenALSoft\al\auxeffectslot.h">
      <Filter>Header Files</Filter>
    </ClInclude>
    <ClInclude Include="C:\Users\Tim\Desktop\Voidfall\Voidfall\OpenALSoft\al\buffer.h">
      <Filter>Header Files</Filter>
    </ClInclude>
    <ClInclude Include="C:\Users\Tim\Desktop\Voidfall\Voidfall\OpenALSoft\al\effect.h">
      <Filter>Header Files</Filter>
    </ClInclude>
    <ClInclude Include="C:\Users\Tim\Desktop\Voidfall\Voidfall\OpenALSoft\al\event.h">
      <Filter>Header Files</Filter>
    </ClInclude>
    <ClInclude Include="C:\Users\Tim\Desktop\Voidfall\Voidfall\OpenALSoft\al\filter.h">
      <Filter>Header Files</Filter>
    </ClInclude>
    <ClInclude Include="C:\Users\Tim\Desktop\Voidfall\Voidfall\OpenALSoft\al\listener.h">
      <Filter>Header Files</Filter>
    </ClInclude>
    <ClInclude Include="C:\Users\Tim\Desktop\Voidfall\Voidfall\OpenALSoft\al\source.h">
      <Filter>Header Files</Filter>
    </ClInclude>
    <ClInclude Include="C:\Users\Tim\Desktop\Voidfall\Voidfall\OpenALSoft\alc\alcmain.h">
      <Filter>Header Files</Filter>
    </ClInclude>
    <ClInclude Include="C:\Users\Tim\Desktop\Voidfall\Voidfall\OpenALSoft\alc\alu.h">
      <Filter>Header Files</Filter>
    </ClInclude>
    <ClInclude Include="C:\Users\Tim\Desktop\Voidfall\Voidfall\OpenALSoft\alc\alconfig.h">
      <Filter>Header Files</Filter>
    </ClInclude>
    <ClInclude Include="C:\Users\Tim\Desktop\Voidfall\Voidfall\OpenALSoft\alc\alcontext.h">
      <Filter>Header Files</Filter>
    </ClInclude>
    <ClInclude Include="C:\Users\Tim\Desktop\Voidfall\Voidfall\OpenALSoft\alc\ambdec.h">
      <Filter>Header Files</Filter>
    </ClInclude>
    <ClInclude Include="C:\Users\Tim\Desktop\Voidfall\Voidfall\OpenALSoft\alc\ambidefs.h">
      <Filter>Header Files</Filter>
    </ClInclude>
    <ClInclude Include="C:\Users\Tim\Desktop\Voidfall\Voidfall\OpenALSoft\alc\bformatdec.h">
      <Filter>Header Files</Filter>
    </ClInclude>
    <ClInclude Include="C:\Users\Tim\Desktop\Voidfall\Voidfall\OpenALSoft\alc\bs2b.h">
      <Filter>Header Files</Filter>
    </ClInclude>
    <ClInclude Include="C:\Users\Tim\Desktop\Voidfall\Voidfall\OpenALSoft\alc\compat.h">
      <Filter>Header Files</Filter>
    </ClInclude>
    <ClInclude Include="C:\Users\Tim\Desktop\Voidfall\Voidfall\OpenALSoft\alc\converter.h">
      <Filter>Header Files</Filter>
    </ClInclude>
    <ClInclude Include="C:\Users\Tim\Desktop\Voidfall\Voidfall\OpenALSoft\alc\cpu_caps.h">
      <Filter>Header Files</Filter>
    </ClInclude>
    <ClInclude Include="C:\Users\Tim\Desktop\Voidfall\Voidfall\OpenALSoft\alc\devformat.h">
      <Filter>Header Files</Filter>
    </ClInclude>
    <ClInclude Include="C:\Users\Tim\Desktop\Voidfall\Voidfall\OpenALSoft\alc\effects\base.h">
      <Filter>Header Files</Filter>
    </ClInclude>
    <ClInclude Include="C:\Users\Tim\Desktop\Voidfall\Voidfall\OpenALSoft\alc\filters\biquad.h">
      <Filter>Header Files</Filter>
    </ClInclude>
    <ClInclude Include="C:\Users\Tim\Desktop\Voidfall\Voidfall\OpenALSoft\alc\filters\nfc.h">
      <Filter>Header Files</Filter>
    </ClInclude>
    <ClInclude Include="C:\Users\Tim\Desktop\Voidfall\Voidfall\OpenALSoft\alc\filters\splitter.h">
      <Filter>Header Files</Filter>
    </ClInclude>
    <ClInclude Include="C:\Users\Tim\Desktop\Voidfall\Voidfall\OpenALSoft\alc\fpu_ctrl.h">
      <Filter>Header Files</Filter>
    </ClInclude>
    <ClInclude Include="C:\Users\Tim\Desktop\Voidfall\Voidfall\OpenALSoft\alc\front_stablizer.h">
      <Filter>Header Files</Filter>
    </ClInclude>
    <ClInclude Include="C:\Users\Tim\Desktop\Voidfall\Voidfall\OpenALSoft\alc\hrtf.h">
      <Filter>Header Files</Filter>
    </ClInclude>
    <ClInclude Include="C:\Users\Tim\Desktop\Voidfall\Voidfall\OpenALSoft\alc\inprogext.h">
      <Filter>Header Files</Filter>
    </ClInclude>
    <ClInclude Include="C:\Users\Tim\Desktop\Voidfall\Voidfall\OpenALSoft\alc\logging.h">
      <Filter>Header Files</Filter>
    </ClInclude>
    <ClInclude Include="C:\Users\Tim\Desktop\Voidfall\Voidfall\OpenALSoft\alc\mastering.h">
      <Filter>Header Files</Filter>
    </ClInclude>
    <ClInclude Include="C:\Users\Tim\Desktop\Voidfall\Voidfall\OpenALSoft\alc\ringbuffer.h">
      <Filter>Header Files</Filter>
    </ClInclude>
    <ClInclude Include="C:\Users\Tim\Desktop\Voidfall\Voidfall\OpenALSoft\alc\uhjfilter.h">
      <Filter>Header Files</Filter>
    </ClInclude>
    <ClInclude Include="C:\Users\Tim\Desktop\Voidfall\Voidfall\OpenALSoft\alc\voice.h">
      <Filter>Header Files</Filter>
    </ClInclude>
    <ClInclude Include="C:\Users\Tim\Desktop\Voidfall\Voidfall\OpenALSoft\alc\mixer\defs.h">
      <Filter>Header Files</Filter>
    </ClInclude>
    <ClInclude Include="C:\Users\Tim\Desktop\Voidfall\Voidfall\OpenALSoft\alc\mixer\hrtfbase.h">
      <Filter>Header Files</Filter>
    </ClInclude>
    <ClInclude Include="C:\Users\Tim\Desktop\Voidfall\Voidfall\OpenALSoft\alc\backends\base.h">
      <Filter>Header Files</Filter>
    </ClInclude>
    <ClInclude Include="C:\Users\Tim\Desktop\Voidfall\Voidfall\OpenALSoft\alc\backends\loopback.h">
      <Filter>Header Files</Filter>
    </ClInclude>
    <ClInclude Include="C:\Users\Tim\Desktop\Voidfall\Voidfall\OpenALSoft\alc\backends\null.h">
      <Filter>Header Files</Filter>
    </ClInclude>
    <ClInclude Include="C:\Users\Tim\Desktop\Voidfall\Voidfall\OpenALSoft\alc\backends\winmm.h">
      <Filter>Header Files</Filter>
    </ClInclude>
    <ClInclude Include="C:\Users\Tim\Desktop\Voidfall\Voidfall\OpenALSoft\alc\backends\dsound.h">
      <Filter>Header Files</Filter>
    </ClInclude>
    <ClInclude Include="C:\Users\Tim\Desktop\Voidfall\Voidfall\OpenALSoft\alc\backends\wasapi.h">
      <Filter>Header Files</Filter>
    </ClInclude>
    <ClInclude Include="C:\Users\Tim\Desktop\Voidfall\Voidfall\OpenALSoft\alc\backends\wave.h">
      <Filter>Header Files</Filter>
    </ClInclude>
    <ClInclude Include="C:\Users\Tim\Desktop\Voidfall\Voidfall\OpenALSoft\hrtf_default.h">
      <Filter>Header Files</Filter>
    </ClInclude>
  </ItemGroup>
  <ItemGroup>
    <CustomBuild Include="C:\Users\Tim\Desktop\Voidfall\Voidfall\OpenALSoft\CMakeFiles\55e58ff6069aa3d2f32b5fa3e46a45bb\hrtf_default.h.rule">
      <Filter>CMake Rules</Filter>
    </CustomBuild>
    <CustomBuild Include="C:\Users\Tim\Desktop\Voidfall\Voidfall\OpenALSoft\CMakeLists.txt" />
  </ItemGroup>
  <ItemGroup>
    <ResourceCompile Include="C:\Users\Tim\Desktop\Voidfall\Voidfall\OpenALSoft\resources\openal32.rc">
      <Filter>Source Files</Filter>
    </ResourceCompile>
  </ItemGroup>
  <ItemGroup>
    <Filter Include="CMake Rules">
      <UniqueIdentifier>{DCA4E273-ADB7-33A1-B6DF-81FC9C6E8EC6}</UniqueIdentifier>
    </Filter>
    <Filter Include="Header Files">
      <UniqueIdentifier>{A96902DB-2DD2-304B-91D5-0B61FD456802}</UniqueIdentifier>
    </Filter>
    <Filter Include="Source Files">
      <UniqueIdentifier>{69B1D73B-E9EB-369E-B2D8-355884A2E9CF}</UniqueIdentifier>
    </Filter>
  </ItemGroup>
</Project>
