Microsoft Visual Studio Solution File, Format Version 12.00
# Visual Studio 16
Project("{8BC9CEB8-8B4A-11D0-8D11-00A0C91BC942}") = "ALL_BUILD", "ALL_BUILD.vcxproj", "{69D95FFC-A59B-3C8B-B866-A5A95F462410}"
	ProjectSection(ProjectDependencies) = postProject
		{AC3559A4-2FFB-31A7-960E-FF08824B33F4} = {AC3559A4-2FFB-31A7-960E-FF08824B33F4}
		{896304A6-1BBA-382E-96EB-F12B701F5E47} = {896304A6-1BBA-382E-96EB-F12B701F5E47}
		{ED2AAB0D-BDF6-3701-B0A9-8B31252A0A31} = {ED2AAB0D-BDF6-3701-B0A9-8B31252A0A31}
		{1962FBA8-8795-3457-89E9-0ADFA80277CF} = {1962FBA8-8795-3457-89E9-0ADFA80277CF}
		{FA72F1BF-59E1-34DF-8954-9CCA2A1C0B59} = {FA72F1BF-59E1-34DF-8954-9CCA2A1C0B59}
	EndProjectSection
EndProject
Project("{8BC9CEB8-8B4A-11D0-8D11-00A0C91BC942}") = "INSTALL", "INSTALL.vcxproj", "{D6686ECA-D3C3-35D0-8722-2E85CD43A80C}"
	ProjectSection(ProjectDependencies) = postProject
		{69D95FFC-A59B-3C8B-B866-A5A95F462410} = {69D95FFC-A59B-3C8B-B866-A5A95F462410}
		{896304A6-1BBA-382E-96EB-F12B701F5E47} = {896304A6-1BBA-382E-96EB-F12B701F5E47}
	EndProjectSection
EndProject
Project("{8BC9CEB8-8B4A-11D0-8D11-00A0C91BC942}") = "OpenAL", "OpenAL.vcxproj", "{AC3559A4-2FFB-31A7-960E-FF08824B33F4}"
	ProjectSection(ProjectDependencies) = postProject
		{896304A6-1BBA-382E-96EB-F12B701F5E47} = {896304A6-1BBA-382E-96EB-F12B701F5E47}
		{16317BA2-5D3E-321B-93CE-ED939774E8C8} = {16317BA2-5D3E-321B-93CE-ED939774E8C8}
	EndProjectSection
EndProject
Project("{8BC9CEB8-8B4A-11D0-8D11-00A0C91BC942}") = "ZERO_CHECK", "ZERO_CHECK.vcxproj", "{896304A6-1BBA-382E-96EB-F12B701F5E47}"
	ProjectSection(ProjectDependencies) = postProject
	EndProjectSection
EndProject
Project("{8BC9CEB8-8B4A-11D0-8D11-00A0C91BC942}") = "alrecord", "alrecord.vcxproj", "{ED2AAB0D-BDF6-3701-B0A9-8B31252A0A31}"
	ProjectSection(ProjectDependencies) = postProject
		{AC3559A4-2FFB-31A7-960E-FF08824B33F4} = {AC3559A4-2FFB-31A7-960E-FF08824B33F4}
		{896304A6-1BBA-382E-96EB-F12B701F5E47} = {896304A6-1BBA-382E-96EB-F12B701F5E47}
		{8340F571-8CAC-3446-81A9-A97A44E104A6} = {8340F571-8CAC-3446-81A9-A97A44E104A6}
	EndProjectSection
EndProject
Project("{8BC9CEB8-8B4A-11D0-8D11-00A0C91BC942}") = "altonegen", "altonegen.vcxproj", "{1962FBA8-8795-3457-89E9-0ADFA80277CF}"
	ProjectSection(ProjectDependencies) = postProject
		{AC3559A4-2FFB-31A7-960E-FF08824B33F4} = {AC3559A4-2FFB-31A7-960E-FF08824B33F4}
		{896304A6-1BBA-382E-96EB-F12B701F5E47} = {896304A6-1BBA-382E-96EB-F12B701F5E47}
		{8340F571-8CAC-3446-81A9-A97A44E104A6} = {8340F571-8CAC-3446-81A9-A97A44E104A6}
	EndProjectSection
EndProject
Project("{8BC9CEB8-8B4A-11D0-8D11-00A0C91BC942}") = "common", "common.vcxproj", "{16317BA2-5D3E-321B-93CE-ED939774E8C8}"
	ProjectSection(ProjectDependencies) = postProject
		{896304A6-1BBA-382E-96EB-F12B701F5E47} = {896304A6-1BBA-382E-96EB-F12B701F5E47}
	EndProjectSection
EndProject
Project("{8BC9CEB8-8B4A-11D0-8D11-00A0C91BC942}") = "ex-common", "ex-common.vcxproj", "{8340F571-8CAC-3446-81A9-A97A44E104A6}"
	ProjectSection(ProjectDependencies) = postProject
		{AC3559A4-2FFB-31A7-960E-FF08824B33F4} = {AC3559A4-2FFB-31A7-960E-FF08824B33F4}
		{896304A6-1BBA-382E-96EB-F12B701F5E47} = {896304A6-1BBA-382E-96EB-F12B701F5E47}
	EndProjectSection
EndProject
Project("{8BC9CEB8-8B4A-11D0-8D11-00A0C91BC942}") = "openal-info", "openal-info.vcxproj", "{FA72F1BF-59E1-34DF-8954-9CCA2A1C0B59}"
	ProjectSection(ProjectDependencies) = postProject
		{AC3559A4-2FFB-31A7-960E-FF08824B33F4} = {AC3559A4-2FFB-31A7-960E-FF08824B33F4}
		{896304A6-1BBA-382E-96EB-F12B701F5E47} = {896304A6-1BBA-382E-96EB-F12B701F5E47}
	EndProjectSection
EndProject
Global
	GlobalSection(SolutionConfigurationPlatforms) = preSolution
		Debug|x64 = Debug|x64
		Release|x64 = Release|x64
		MinSizeRel|x64 = MinSizeRel|x64
		RelWithDebInfo|x64 = RelWithDebInfo|x64
	EndGlobalSection
	GlobalSection(ProjectConfigurationPlatforms) = postSolution
		{69D95FFC-A59B-3C8B-B866-A5A95F462410}.Debug|x64.ActiveCfg = Debug|x64
		{69D95FFC-A59B-3C8B-B866-A5A95F462410}.Debug|x64.Build.0 = Debug|x64
		{69D95FFC-A59B-3C8B-B866-A5A95F462410}.Release|x64.ActiveCfg = Release|x64
		{69D95FFC-A59B-3C8B-B866-A5A95F462410}.Release|x64.Build.0 = Release|x64
		{69D95FFC-A59B-3C8B-B866-A5A95F462410}.MinSizeRel|x64.ActiveCfg = MinSizeRel|x64
		{69D95FFC-A59B-3C8B-B866-A5A95F462410}.MinSizeRel|x64.Build.0 = MinSizeRel|x64
		{69D95FFC-A59B-3C8B-B866-A5A95F462410}.RelWithDebInfo|x64.ActiveCfg = RelWithDebInfo|x64
		{69D95FFC-A59B-3C8B-B866-A5A95F462410}.RelWithDebInfo|x64.Build.0 = RelWithDebInfo|x64
		{D6686ECA-D3C3-35D0-8722-2E85CD43A80C}.Debug|x64.ActiveCfg = Debug|x64
		{D6686ECA-D3C3-35D0-8722-2E85CD43A80C}.Release|x64.ActiveCfg = Release|x64
		{D6686ECA-D3C3-35D0-8722-2E85CD43A80C}.MinSizeRel|x64.ActiveCfg = MinSizeRel|x64
		{D6686ECA-D3C3-35D0-8722-2E85CD43A80C}.RelWithDebInfo|x64.ActiveCfg = RelWithDebInfo|x64
		{AC3559A4-2FFB-31A7-960E-FF08824B33F4}.Debug|x64.ActiveCfg = Debug|x64
		{AC3559A4-2FFB-31A7-960E-FF08824B33F4}.Debug|x64.Build.0 = Debug|x64
		{AC3559A4-2FFB-31A7-960E-FF08824B33F4}.Release|x64.ActiveCfg = Release|x64
		{AC3559A4-2FFB-31A7-960E-FF08824B33F4}.Release|x64.Build.0 = Release|x64
		{AC3559A4-2FFB-31A7-960E-FF08824B33F4}.MinSizeRel|x64.ActiveCfg = MinSizeRel|x64
		{AC3559A4-2FFB-31A7-960E-FF08824B33F4}.MinSizeRel|x64.Build.0 = MinSizeRel|x64
		{AC3559A4-2FFB-31A7-960E-FF08824B33F4}.RelWithDebInfo|x64.ActiveCfg = RelWithDebInfo|x64
		{AC3559A4-2FFB-31A7-960E-FF08824B33F4}.RelWithDebInfo|x64.Build.0 = RelWithDebInfo|x64
		{896304A6-1BBA-382E-96EB-F12B701F5E47}.Debug|x64.ActiveCfg = Debug|x64
		{896304A6-1BBA-382E-96EB-F12B701F5E47}.Debug|x64.Build.0 = Debug|x64
		{896304A6-1BBA-382E-96EB-F12B701F5E47}.Release|x64.ActiveCfg = Release|x64
		{896304A6-1BBA-382E-96EB-F12B701F5E47}.Release|x64.Build.0 = Release|x64
		{896304A6-1BBA-382E-96EB-F12B701F5E47}.MinSizeRel|x64.ActiveCfg = MinSizeRel|x64
		{896304A6-1BBA-382E-96EB-F12B701F5E47}.MinSizeRel|x64.Build.0 = MinSizeRel|x64
		{896304A6-1BBA-382E-96EB-F12B701F5E47}.RelWithDebInfo|x64.ActiveCfg = RelWithDebInfo|x64
		{896304A6-1BBA-382E-96EB-F12B701F5E47}.RelWithDebInfo|x64.Build.0 = RelWithDebInfo|x64
		{ED2AAB0D-BDF6-3701-B0A9-8B31252A0A31}.Debug|x64.ActiveCfg = Debug|x64
		{ED2AAB0D-BDF6-3701-B0A9-8B31252A0A31}.Debug|x64.Build.0 = Debug|x64
		{ED2AAB0D-BDF6-3701-B0A9-8B31252A0A31}.Release|x64.ActiveCfg = Release|x64
		{ED2AAB0D-BDF6-3701-B0A9-8B31252A0A31}.Release|x64.Build.0 = Release|x64
		{ED2AAB0D-BDF6-3701-B0A9-8B31252A0A31}.MinSizeRel|x64.ActiveCfg = MinSizeRel|x64
		{ED2AAB0D-BDF6-3701-B0A9-8B31252A0A31}.MinSizeRel|x64.Build.0 = MinSizeRel|x64
		{ED2AAB0D-BDF6-3701-B0A9-8B31252A0A31}.RelWithDebInfo|x64.ActiveCfg = RelWithDebInfo|x64
		{ED2AAB0D-BDF6-3701-B0A9-8B31252A0A31}.RelWithDebInfo|x64.Build.0 = RelWithDebInfo|x64
		{1962FBA8-8795-3457-89E9-0ADFA80277CF}.Debug|x64.ActiveCfg = Debug|x64
		{1962FBA8-8795-3457-89E9-0ADFA80277CF}.Debug|x64.Build.0 = Debug|x64
		{1962FBA8-8795-3457-89E9-0ADFA80277CF}.Release|x64.ActiveCfg = Release|x64
		{1962FBA8-8795-3457-89E9-0ADFA80277CF}.Release|x64.Build.0 = Release|x64
		{1962FBA8-8795-3457-89E9-0ADFA80277CF}.MinSizeRel|x64.ActiveCfg = MinSizeRel|x64
		{1962FBA8-8795-3457-89E9-0ADFA80277CF}.MinSizeRel|x64.Build.0 = MinSizeRel|x64
		{1962FBA8-8795-3457-89E9-0ADFA80277CF}.RelWithDebInfo|x64.ActiveCfg = RelWithDebInfo|x64
		{1962FBA8-8795-3457-89E9-0ADFA80277CF}.RelWithDebInfo|x64.Build.0 = RelWithDebInfo|x64
		{16317BA2-5D3E-321B-93CE-ED939774E8C8}.Debug|x64.ActiveCfg = Debug|x64
		{16317BA2-5D3E-321B-93CE-ED939774E8C8}.Debug|x64.Build.0 = Debug|x64
		{16317BA2-5D3E-321B-93CE-ED939774E8C8}.Release|x64.ActiveCfg = Release|x64
		{16317BA2-5D3E-321B-93CE-ED939774E8C8}.Release|x64.Build.0 = Release|x64
		{16317BA2-5D3E-321B-93CE-ED939774E8C8}.MinSizeRel|x64.ActiveCfg = MinSizeRel|x64
		{16317BA2-5D3E-321B-93CE-ED939774E8C8}.MinSizeRel|x64.Build.0 = MinSizeRel|x64
		{16317BA2-5D3E-321B-93CE-ED939774E8C8}.RelWithDebInfo|x64.ActiveCfg = RelWithDebInfo|x64
		{16317BA2-5D3E-321B-93CE-ED939774E8C8}.RelWithDebInfo|x64.Build.0 = RelWithDebInfo|x64
		{8340F571-8CAC-3446-81A9-A97A44E104A6}.Debug|x64.ActiveCfg = Debug|x64
		{8340F571-8CAC-3446-81A9-A97A44E104A6}.Debug|x64.Build.0 = Debug|x64
		{8340F571-8CAC-3446-81A9-A97A44E104A6}.Release|x64.ActiveCfg = Release|x64
		{8340F571-8CAC-3446-81A9-A97A44E104A6}.Release|x64.Build.0 = Release|x64
		{8340F571-8CAC-3446-81A9-A97A44E104A6}.MinSizeRel|x64.ActiveCfg = MinSizeRel|x64
		{8340F571-8CAC-3446-81A9-A97A44E104A6}.MinSizeRel|x64.Build.0 = MinSizeRel|x64
		{8340F571-8CAC-3446-81A9-A97A44E104A6}.RelWithDebInfo|x64.ActiveCfg = RelWithDebInfo|x64
		{8340F571-8CAC-3446-81A9-A97A44E104A6}.RelWithDebInfo|x64.Build.0 = RelWithDebInfo|x64
		{FA72F1BF-59E1-34DF-8954-9CCA2A1C0B59}.Debug|x64.ActiveCfg = Debug|x64
		{FA72F1BF-59E1-34DF-8954-9CCA2A1C0B59}.Debug|x64.Build.0 = Debug|x64
		{FA72F1BF-59E1-34DF-8954-9CCA2A1C0B59}.Release|x64.ActiveCfg = Release|x64
		{FA72F1BF-59E1-34DF-8954-9CCA2A1C0B59}.Release|x64.Build.0 = Release|x64
		{FA72F1BF-59E1-34DF-8954-9CCA2A1C0B59}.MinSizeRel|x64.ActiveCfg = MinSizeRel|x64
		{FA72F1BF-59E1-34DF-8954-9CCA2A1C0B59}.MinSizeRel|x64.Build.0 = MinSizeRel|x64
		{FA72F1BF-59E1-34DF-8954-9CCA2A1C0B59}.RelWithDebInfo|x64.ActiveCfg = RelWithDebInfo|x64
		{FA72F1BF-59E1-34DF-8954-9CCA2A1C0B59}.RelWithDebInfo|x64.Build.0 = RelWithDebInfo|x64
	EndGlobalSection
	GlobalSection(ExtensibilityGlobals) = postSolution
		SolutionGuid = {AC977044-73A8-3119-8E62-495F45765B0F}
	EndGlobalSection
	GlobalSection(ExtensibilityAddIns) = postSolution
	EndGlobalSection
EndGlobal
