Microsoft Visual Studio Solution File, Format Version 12.00
# Visual Studio 16
Project("{2150E333-8FDC-42A3-9474-1A3956D46DE8}") = "CMakePredefinedTargets", "CMakePredefinedTargets", "{6CF82BAD-8D17-3BC6-8B42-F709933948AB}"
EndProject
Project("{2150E333-8FDC-42A3-9474-1A3956D46DE8}") = "GLFW3", "GLFW3", "{89808B05-7A51-32A4-B16D-D209A505B201}"
EndProject
Project("{2150E333-8FDC-42A3-9474-1A3956D46DE8}") = "Examples", "GLFW3\Examples", "{DD56C3C1-72E1-365A-863A-8F45FAEB51D1}"
EndProject
Project("{2150E333-8FDC-42A3-9474-1A3956D46DE8}") = "Tests", "GLFW3\Tests", "{D966F3E0-C4A7-3801-A8B7-4385C7D4DFD6}"
EndProject
Project("{8BC9CEB8-8B4A-11D0-8D11-00A0C91BC942}") = "ALL_BUILD", "ALL_BUILD.vcxproj", "{09549261-B0BD-36E9-AEDF-000BF4170438}"
	ProjectSection(ProjectDependencies) = postProject
		{AA99F8ED-169F-3550-A8CB-A3E2696FAD08} = {AA99F8ED-169F-3550-A8CB-A3E2696FAD08}
		{807FE163-F8EC-3A4C-8636-6B56DEF226CC} = {807FE163-F8EC-3A4C-8636-6B56DEF226CC}
		{6B1973CC-341B-3C0B-B6AE-824EA5B34314} = {6B1973CC-341B-3C0B-B6AE-824EA5B34314}
		{E52D96B4-B2F0-3064-9A73-EF449EAFE9C9} = {E52D96B4-B2F0-3064-9A73-EF449EAFE9C9}
		{9F5910DB-B797-3209-A226-D5366678DCCA} = {9F5910DB-B797-3209-A226-D5366678DCCA}
		{AFD8D178-D100-3B86-A089-6EB25887E7DF} = {AFD8D178-D100-3B86-A089-6EB25887E7DF}
		{711F8ABE-B5C2-3FCA-91AE-4D2D9B08EE6E} = {711F8ABE-B5C2-3FCA-91AE-4D2D9B08EE6E}
		{77E61B5C-167B-35A9-93CE-2C72FE0F1357} = {77E61B5C-167B-35A9-93CE-2C72FE0F1357}
		{3980F9D2-C0DC-332C-85FC-4F192B0333FF} = {3980F9D2-C0DC-332C-85FC-4F192B0333FF}
		{0CE036E9-2290-3DC8-827F-3422D87EB039} = {0CE036E9-2290-3DC8-827F-3422D87EB039}
		{07FF7B0A-63A7-30A5-BD4C-33B8B938DC4B} = {07FF7B0A-63A7-30A5-BD4C-33B8B938DC4B}
		{49AD37BA-E0BD-3253-87DE-C75A9A039314} = {49AD37BA-E0BD-3253-87DE-C75A9A039314}
		{A1128855-663B-38EA-8913-1180A3E4734C} = {A1128855-663B-38EA-8913-1180A3E4734C}
		{77B68637-FA1C-3E48-A359-63EB36102C46} = {77B68637-FA1C-3E48-A359-63EB36102C46}
		{7DAFCDC3-3DED-3EF5-A9C7-4EE495890132} = {7DAFCDC3-3DED-3EF5-A9C7-4EE495890132}
		{B6FFF487-8CDE-393E-A353-784929F64230} = {B6FFF487-8CDE-393E-A353-784929F64230}
		{443287EC-8FDB-3F97-B74E-57746C74E1CE} = {443287EC-8FDB-3F97-B74E-57746C74E1CE}
		{7A9A7C88-88D7-3875-976D-6507C373D08B} = {7A9A7C88-88D7-3875-976D-6507C373D08B}
		{536C1387-2964-3440-ABEB-2EB3AFA92A8E} = {536C1387-2964-3440-ABEB-2EB3AFA92A8E}
		{FD951189-C829-33AA-92F3-A3CC6B1192B2} = {FD951189-C829-33AA-92F3-A3CC6B1192B2}
		{A0471267-1DF7-3D2E-A942-EF49A82007E4} = {A0471267-1DF7-3D2E-A942-EF49A82007E4}
		{35451272-5E6F-3CF7-A95C-FF9715C89484} = {35451272-5E6F-3CF7-A95C-FF9715C89484}
		{DFE6C3D1-D2E7-37D7-A4A5-2220C03B068B} = {DFE6C3D1-D2E7-37D7-A4A5-2220C03B068B}
		{3C4719BD-07E1-3489-B531-A522BE9A11AA} = {3C4719BD-07E1-3489-B531-A522BE9A11AA}
		{CFEED043-7D06-3187-B942-4A59FF76335D} = {CFEED043-7D06-3187-B942-4A59FF76335D}
		{67E32BBA-902B-318F-A1FE-913B49F5F89D} = {67E32BBA-902B-318F-A1FE-913B49F5F89D}
		{9B5A7510-089B-32F2-B060-7CFC056CE7FC} = {9B5A7510-089B-32F2-B060-7CFC056CE7FC}
		{F31F5C24-4D55-3C64-BAF9-16C3F3340DFB} = {F31F5C24-4D55-3C64-BAF9-16C3F3340DFB}
		{F0DC519E-31F0-31A6-97D3-8B3B9680565E} = {F0DC519E-31F0-31A6-97D3-8B3B9680565E}
		{161D2AEB-F20D-334E-AB94-C155D822F1AE} = {161D2AEB-F20D-334E-AB94-C155D822F1AE}
		{1C5A9239-3C68-33EF-BD80-EB0405CB7FEB} = {1C5A9239-3C68-33EF-BD80-EB0405CB7FEB}
	EndProjectSection
EndProject
Project("{8BC9CEB8-8B4A-11D0-8D11-00A0C91BC942}") = "INSTALL", "INSTALL.vcxproj", "{F1BEC8E6-F016-3013-8353-070C2DA17478}"
	ProjectSection(ProjectDependencies) = postProject
		{09549261-B0BD-36E9-AEDF-000BF4170438} = {09549261-B0BD-36E9-AEDF-000BF4170438}
		{AA99F8ED-169F-3550-A8CB-A3E2696FAD08} = {AA99F8ED-169F-3550-A8CB-A3E2696FAD08}
	EndProjectSection
EndProject
Project("{8BC9CEB8-8B4A-11D0-8D11-00A0C91BC942}") = "ZERO_CHECK", "ZERO_CHECK.vcxproj", "{AA99F8ED-169F-3550-A8CB-A3E2696FAD08}"
	ProjectSection(ProjectDependencies) = postProject
	EndProjectSection
EndProject
Project("{8BC9CEB8-8B4A-11D0-8D11-00A0C91BC942}") = "boing", "examples\boing.vcxproj", "{807FE163-F8EC-3A4C-8636-6B56DEF226CC}"
	ProjectSection(ProjectDependencies) = postProject
		{AA99F8ED-169F-3550-A8CB-A3E2696FAD08} = {AA99F8ED-169F-3550-A8CB-A3E2696FAD08}
		{3980F9D2-C0DC-332C-85FC-4F192B0333FF} = {3980F9D2-C0DC-332C-85FC-4F192B0333FF}
	EndProjectSection
EndProject
Project("{8BC9CEB8-8B4A-11D0-8D11-00A0C91BC942}") = "clipboard", "tests\clipboard.vcxproj", "{6B1973CC-341B-3C0B-B6AE-824EA5B34314}"
	ProjectSection(ProjectDependencies) = postProject
		{AA99F8ED-169F-3550-A8CB-A3E2696FAD08} = {AA99F8ED-169F-3550-A8CB-A3E2696FAD08}
		{3980F9D2-C0DC-332C-85FC-4F192B0333FF} = {3980F9D2-C0DC-332C-85FC-4F192B0333FF}
	EndProjectSection
EndProject
Project("{8BC9CEB8-8B4A-11D0-8D11-00A0C91BC942}") = "cursor", "tests\cursor.vcxproj", "{E52D96B4-B2F0-3064-9A73-EF449EAFE9C9}"
	ProjectSection(ProjectDependencies) = postProject
		{AA99F8ED-169F-3550-A8CB-A3E2696FAD08} = {AA99F8ED-169F-3550-A8CB-A3E2696FAD08}
		{3980F9D2-C0DC-332C-85FC-4F192B0333FF} = {3980F9D2-C0DC-332C-85FC-4F192B0333FF}
	EndProjectSection
EndProject
Project("{8BC9CEB8-8B4A-11D0-8D11-00A0C91BC942}") = "empty", "tests\empty.vcxproj", "{9F5910DB-B797-3209-A226-D5366678DCCA}"
	ProjectSection(ProjectDependencies) = postProject
		{AA99F8ED-169F-3550-A8CB-A3E2696FAD08} = {AA99F8ED-169F-3550-A8CB-A3E2696FAD08}
		{3980F9D2-C0DC-332C-85FC-4F192B0333FF} = {3980F9D2-C0DC-332C-85FC-4F192B0333FF}
	EndProjectSection
EndProject
Project("{8BC9CEB8-8B4A-11D0-8D11-00A0C91BC942}") = "events", "tests\events.vcxproj", "{AFD8D178-D100-3B86-A089-6EB25887E7DF}"
	ProjectSection(ProjectDependencies) = postProject
		{AA99F8ED-169F-3550-A8CB-A3E2696FAD08} = {AA99F8ED-169F-3550-A8CB-A3E2696FAD08}
		{3980F9D2-C0DC-332C-85FC-4F192B0333FF} = {3980F9D2-C0DC-332C-85FC-4F192B0333FF}
	EndProjectSection
EndProject
Project("{8BC9CEB8-8B4A-11D0-8D11-00A0C91BC942}") = "gamma", "tests\gamma.vcxproj", "{711F8ABE-B5C2-3FCA-91AE-4D2D9B08EE6E}"
	ProjectSection(ProjectDependencies) = postProject
		{AA99F8ED-169F-3550-A8CB-A3E2696FAD08} = {AA99F8ED-169F-3550-A8CB-A3E2696FAD08}
		{3980F9D2-C0DC-332C-85FC-4F192B0333FF} = {3980F9D2-C0DC-332C-85FC-4F192B0333FF}
	EndProjectSection
EndProject
Project("{8BC9CEB8-8B4A-11D0-8D11-00A0C91BC942}") = "gears", "examples\gears.vcxproj", "{77E61B5C-167B-35A9-93CE-2C72FE0F1357}"
	ProjectSection(ProjectDependencies) = postProject
		{AA99F8ED-169F-3550-A8CB-A3E2696FAD08} = {AA99F8ED-169F-3550-A8CB-A3E2696FAD08}
		{3980F9D2-C0DC-332C-85FC-4F192B0333FF} = {3980F9D2-C0DC-332C-85FC-4F192B0333FF}
	EndProjectSection
EndProject
Project("{8BC9CEB8-8B4A-11D0-8D11-00A0C91BC942}") = "glfw", "src\glfw.vcxproj", "{3980F9D2-C0DC-332C-85FC-4F192B0333FF}"
	ProjectSection(ProjectDependencies) = postProject
		{AA99F8ED-169F-3550-A8CB-A3E2696FAD08} = {AA99F8ED-169F-3550-A8CB-A3E2696FAD08}
	EndProjectSection
EndProject
Project("{8BC9CEB8-8B4A-11D0-8D11-00A0C91BC942}") = "glfwinfo", "tests\glfwinfo.vcxproj", "{0CE036E9-2290-3DC8-827F-3422D87EB039}"
	ProjectSection(ProjectDependencies) = postProject
		{AA99F8ED-169F-3550-A8CB-A3E2696FAD08} = {AA99F8ED-169F-3550-A8CB-A3E2696FAD08}
		{3980F9D2-C0DC-332C-85FC-4F192B0333FF} = {3980F9D2-C0DC-332C-85FC-4F192B0333FF}
	EndProjectSection
EndProject
Project("{8BC9CEB8-8B4A-11D0-8D11-00A0C91BC942}") = "heightmap", "examples\heightmap.vcxproj", "{07FF7B0A-63A7-30A5-BD4C-33B8B938DC4B}"
	ProjectSection(ProjectDependencies) = postProject
		{AA99F8ED-169F-3550-A8CB-A3E2696FAD08} = {AA99F8ED-169F-3550-A8CB-A3E2696FAD08}
		{3980F9D2-C0DC-332C-85FC-4F192B0333FF} = {3980F9D2-C0DC-332C-85FC-4F192B0333FF}
	EndProjectSection
EndProject
Project("{8BC9CEB8-8B4A-11D0-8D11-00A0C91BC942}") = "icon", "tests\icon.vcxproj", "{49AD37BA-E0BD-3253-87DE-C75A9A039314}"
	ProjectSection(ProjectDependencies) = postProject
		{AA99F8ED-169F-3550-A8CB-A3E2696FAD08} = {AA99F8ED-169F-3550-A8CB-A3E2696FAD08}
		{3980F9D2-C0DC-332C-85FC-4F192B0333FF} = {3980F9D2-C0DC-332C-85FC-4F192B0333FF}
	EndProjectSection
EndProject
Project("{8BC9CEB8-8B4A-11D0-8D11-00A0C91BC942}") = "iconify", "tests\iconify.vcxproj", "{A1128855-663B-38EA-8913-1180A3E4734C}"
	ProjectSection(ProjectDependencies) = postProject
		{AA99F8ED-169F-3550-A8CB-A3E2696FAD08} = {AA99F8ED-169F-3550-A8CB-A3E2696FAD08}
		{3980F9D2-C0DC-332C-85FC-4F192B0333FF} = {3980F9D2-C0DC-332C-85FC-4F192B0333FF}
	EndProjectSection
EndProject
Project("{8BC9CEB8-8B4A-11D0-8D11-00A0C91BC942}") = "inputlag", "tests\inputlag.vcxproj", "{77B68637-FA1C-3E48-A359-63EB36102C46}"
	ProjectSection(ProjectDependencies) = postProject
		{AA99F8ED-169F-3550-A8CB-A3E2696FAD08} = {AA99F8ED-169F-3550-A8CB-A3E2696FAD08}
		{3980F9D2-C0DC-332C-85FC-4F192B0333FF} = {3980F9D2-C0DC-332C-85FC-4F192B0333FF}
	EndProjectSection
EndProject
Project("{8BC9CEB8-8B4A-11D0-8D11-00A0C91BC942}") = "joysticks", "tests\joysticks.vcxproj", "{7DAFCDC3-3DED-3EF5-A9C7-4EE495890132}"
	ProjectSection(ProjectDependencies) = postProject
		{AA99F8ED-169F-3550-A8CB-A3E2696FAD08} = {AA99F8ED-169F-3550-A8CB-A3E2696FAD08}
		{3980F9D2-C0DC-332C-85FC-4F192B0333FF} = {3980F9D2-C0DC-332C-85FC-4F192B0333FF}
	EndProjectSection
EndProject
Project("{8BC9CEB8-8B4A-11D0-8D11-00A0C91BC942}") = "monitors", "tests\monitors.vcxproj", "{B6FFF487-8CDE-393E-A353-784929F64230}"
	ProjectSection(ProjectDependencies) = postProject
		{AA99F8ED-169F-3550-A8CB-A3E2696FAD08} = {AA99F8ED-169F-3550-A8CB-A3E2696FAD08}
		{3980F9D2-C0DC-332C-85FC-4F192B0333FF} = {3980F9D2-C0DC-332C-85FC-4F192B0333FF}
	EndProjectSection
EndProject
Project("{8BC9CEB8-8B4A-11D0-8D11-00A0C91BC942}") = "msaa", "tests\msaa.vcxproj", "{443287EC-8FDB-3F97-B74E-57746C74E1CE}"
	ProjectSection(ProjectDependencies) = postProject
		{AA99F8ED-169F-3550-A8CB-A3E2696FAD08} = {AA99F8ED-169F-3550-A8CB-A3E2696FAD08}
		{3980F9D2-C0DC-332C-85FC-4F192B0333FF} = {3980F9D2-C0DC-332C-85FC-4F192B0333FF}
	EndProjectSection
EndProject
Project("{8BC9CEB8-8B4A-11D0-8D11-00A0C91BC942}") = "offscreen", "examples\offscreen.vcxproj", "{7A9A7C88-88D7-3875-976D-6507C373D08B}"
	ProjectSection(ProjectDependencies) = postProject
		{AA99F8ED-169F-3550-A8CB-A3E2696FAD08} = {AA99F8ED-169F-3550-A8CB-A3E2696FAD08}
		{3980F9D2-C0DC-332C-85FC-4F192B0333FF} = {3980F9D2-C0DC-332C-85FC-4F192B0333FF}
	EndProjectSection
EndProject
Project("{8BC9CEB8-8B4A-11D0-8D11-00A0C91BC942}") = "opacity", "tests\opacity.vcxproj", "{536C1387-2964-3440-ABEB-2EB3AFA92A8E}"
	ProjectSection(ProjectDependencies) = postProject
		{AA99F8ED-169F-3550-A8CB-A3E2696FAD08} = {AA99F8ED-169F-3550-A8CB-A3E2696FAD08}
		{3980F9D2-C0DC-332C-85FC-4F192B0333FF} = {3980F9D2-C0DC-332C-85FC-4F192B0333FF}
	EndProjectSection
EndProject
Project("{8BC9CEB8-8B4A-11D0-8D11-00A0C91BC942}") = "particles", "examples\particles.vcxproj", "{FD951189-C829-33AA-92F3-A3CC6B1192B2}"
	ProjectSection(ProjectDependencies) = postProject
		{AA99F8ED-169F-3550-A8CB-A3E2696FAD08} = {AA99F8ED-169F-3550-A8CB-A3E2696FAD08}
		{3980F9D2-C0DC-332C-85FC-4F192B0333FF} = {3980F9D2-C0DC-332C-85FC-4F192B0333FF}
	EndProjectSection
EndProject
Project("{8BC9CEB8-8B4A-11D0-8D11-00A0C91BC942}") = "reopen", "tests\reopen.vcxproj", "{A0471267-1DF7-3D2E-A942-EF49A82007E4}"
	ProjectSection(ProjectDependencies) = postProject
		{AA99F8ED-169F-3550-A8CB-A3E2696FAD08} = {AA99F8ED-169F-3550-A8CB-A3E2696FAD08}
		{3980F9D2-C0DC-332C-85FC-4F192B0333FF} = {3980F9D2-C0DC-332C-85FC-4F192B0333FF}
	EndProjectSection
EndProject
Project("{8BC9CEB8-8B4A-11D0-8D11-00A0C91BC942}") = "sharing", "examples\sharing.vcxproj", "{35451272-5E6F-3CF7-A95C-FF9715C89484}"
	ProjectSection(ProjectDependencies) = postProject
		{AA99F8ED-169F-3550-A8CB-A3E2696FAD08} = {AA99F8ED-169F-3550-A8CB-A3E2696FAD08}
		{3980F9D2-C0DC-332C-85FC-4F192B0333FF} = {3980F9D2-C0DC-332C-85FC-4F192B0333FF}
	EndProjectSection
EndProject
Project("{8BC9CEB8-8B4A-11D0-8D11-00A0C91BC942}") = "simple", "examples\simple.vcxproj", "{DFE6C3D1-D2E7-37D7-A4A5-2220C03B068B}"
	ProjectSection(ProjectDependencies) = postProject
		{AA99F8ED-169F-3550-A8CB-A3E2696FAD08} = {AA99F8ED-169F-3550-A8CB-A3E2696FAD08}
		{3980F9D2-C0DC-332C-85FC-4F192B0333FF} = {3980F9D2-C0DC-332C-85FC-4F192B0333FF}
	EndProjectSection
EndProject
Project("{8BC9CEB8-8B4A-11D0-8D11-00A0C91BC942}") = "splitview", "examples\splitview.vcxproj", "{3C4719BD-07E1-3489-B531-A522BE9A11AA}"
	ProjectSection(ProjectDependencies) = postProject
		{AA99F8ED-169F-3550-A8CB-A3E2696FAD08} = {AA99F8ED-169F-3550-A8CB-A3E2696FAD08}
		{3980F9D2-C0DC-332C-85FC-4F192B0333FF} = {3980F9D2-C0DC-332C-85FC-4F192B0333FF}
	EndProjectSection
EndProject
Project("{8BC9CEB8-8B4A-11D0-8D11-00A0C91BC942}") = "tearing", "tests\tearing.vcxproj", "{CFEED043-7D06-3187-B942-4A59FF76335D}"
	ProjectSection(ProjectDependencies) = postProject
		{AA99F8ED-169F-3550-A8CB-A3E2696FAD08} = {AA99F8ED-169F-3550-A8CB-A3E2696FAD08}
		{3980F9D2-C0DC-332C-85FC-4F192B0333FF} = {3980F9D2-C0DC-332C-85FC-4F192B0333FF}
	EndProjectSection
EndProject
Project("{8BC9CEB8-8B4A-11D0-8D11-00A0C91BC942}") = "threads", "tests\threads.vcxproj", "{67E32BBA-902B-318F-A1FE-913B49F5F89D}"
	ProjectSection(ProjectDependencies) = postProject
		{AA99F8ED-169F-3550-A8CB-A3E2696FAD08} = {AA99F8ED-169F-3550-A8CB-A3E2696FAD08}
		{3980F9D2-C0DC-332C-85FC-4F192B0333FF} = {3980F9D2-C0DC-332C-85FC-4F192B0333FF}
	EndProjectSection
EndProject
Project("{8BC9CEB8-8B4A-11D0-8D11-00A0C91BC942}") = "timeout", "tests\timeout.vcxproj", "{9B5A7510-089B-32F2-B060-7CFC056CE7FC}"
	ProjectSection(ProjectDependencies) = postProject
		{AA99F8ED-169F-3550-A8CB-A3E2696FAD08} = {AA99F8ED-169F-3550-A8CB-A3E2696FAD08}
		{3980F9D2-C0DC-332C-85FC-4F192B0333FF} = {3980F9D2-C0DC-332C-85FC-4F192B0333FF}
	EndProjectSection
EndProject
Project("{8BC9CEB8-8B4A-11D0-8D11-00A0C91BC942}") = "title", "tests\title.vcxproj", "{F31F5C24-4D55-3C64-BAF9-16C3F3340DFB}"
	ProjectSection(ProjectDependencies) = postProject
		{AA99F8ED-169F-3550-A8CB-A3E2696FAD08} = {AA99F8ED-169F-3550-A8CB-A3E2696FAD08}
		{3980F9D2-C0DC-332C-85FC-4F192B0333FF} = {3980F9D2-C0DC-332C-85FC-4F192B0333FF}
	EndProjectSection
EndProject
Project("{8BC9CEB8-8B4A-11D0-8D11-00A0C91BC942}") = "triangle-vulkan", "tests\triangle-vulkan.vcxproj", "{F0DC519E-31F0-31A6-97D3-8B3B9680565E}"
	ProjectSection(ProjectDependencies) = postProject
		{AA99F8ED-169F-3550-A8CB-A3E2696FAD08} = {AA99F8ED-169F-3550-A8CB-A3E2696FAD08}
		{3980F9D2-C0DC-332C-85FC-4F192B0333FF} = {3980F9D2-C0DC-332C-85FC-4F192B0333FF}
	EndProjectSection
EndProject
Project("{8BC9CEB8-8B4A-11D0-8D11-00A0C91BC942}") = "uninstall", "uninstall.vcxproj", "{9307DBCF-0360-303E-81F4-80074284553D}"
	ProjectSection(ProjectDependencies) = postProject
		{AA99F8ED-169F-3550-A8CB-A3E2696FAD08} = {AA99F8ED-169F-3550-A8CB-A3E2696FAD08}
	EndProjectSection
EndProject
Project("{8BC9CEB8-8B4A-11D0-8D11-00A0C91BC942}") = "wave", "examples\wave.vcxproj", "{161D2AEB-F20D-334E-AB94-C155D822F1AE}"
	ProjectSection(ProjectDependencies) = postProject
		{AA99F8ED-169F-3550-A8CB-A3E2696FAD08} = {AA99F8ED-169F-3550-A8CB-A3E2696FAD08}
		{3980F9D2-C0DC-332C-85FC-4F192B0333FF} = {3980F9D2-C0DC-332C-85FC-4F192B0333FF}
	EndProjectSection
EndProject
Project("{8BC9CEB8-8B4A-11D0-8D11-00A0C91BC942}") = "windows", "tests\windows.vcxproj", "{1C5A9239-3C68-33EF-BD80-EB0405CB7FEB}"
	ProjectSection(ProjectDependencies) = postProject
		{AA99F8ED-169F-3550-A8CB-A3E2696FAD08} = {AA99F8ED-169F-3550-A8CB-A3E2696FAD08}
		{3980F9D2-C0DC-332C-85FC-4F192B0333FF} = {3980F9D2-C0DC-332C-85FC-4F192B0333FF}
	EndProjectSection
EndProject
Global
	GlobalSection(SolutionConfigurationPlatforms) = preSolution
		Debug|x64 = Debug|x64
		Release|x64 = Release|x64
		MinSizeRel|x64 = MinSizeRel|x64
		RelWithDebInfo|x64 = RelWithDebInfo|x64
	EndGlobalSection
	GlobalSection(ProjectConfigurationPlatforms) = postSolution
		{09549261-B0BD-36E9-AEDF-000BF4170438}.Debug|x64.ActiveCfg = Debug|x64
		{09549261-B0BD-36E9-AEDF-000BF4170438}.Debug|x64.Build.0 = Debug|x64
		{09549261-B0BD-36E9-AEDF-000BF4170438}.Release|x64.ActiveCfg = Release|x64
		{09549261-B0BD-36E9-AEDF-000BF4170438}.Release|x64.Build.0 = Release|x64
		{09549261-B0BD-36E9-AEDF-000BF4170438}.MinSizeRel|x64.ActiveCfg = MinSizeRel|x64
		{09549261-B0BD-36E9-AEDF-000BF4170438}.MinSizeRel|x64.Build.0 = MinSizeRel|x64
		{09549261-B0BD-36E9-AEDF-000BF4170438}.RelWithDebInfo|x64.ActiveCfg = RelWithDebInfo|x64
		{09549261-B0BD-36E9-AEDF-000BF4170438}.RelWithDebInfo|x64.Build.0 = RelWithDebInfo|x64
		{F1BEC8E6-F016-3013-8353-070C2DA17478}.Debug|x64.ActiveCfg = Debug|x64
		{F1BEC8E6-F016-3013-8353-070C2DA17478}.Release|x64.ActiveCfg = Release|x64
		{F1BEC8E6-F016-3013-8353-070C2DA17478}.MinSizeRel|x64.ActiveCfg = MinSizeRel|x64
		{F1BEC8E6-F016-3013-8353-070C2DA17478}.RelWithDebInfo|x64.ActiveCfg = RelWithDebInfo|x64
		{AA99F8ED-169F-3550-A8CB-A3E2696FAD08}.Debug|x64.ActiveCfg = Debug|x64
		{AA99F8ED-169F-3550-A8CB-A3E2696FAD08}.Debug|x64.Build.0 = Debug|x64
		{AA99F8ED-169F-3550-A8CB-A3E2696FAD08}.Release|x64.ActiveCfg = Release|x64
		{AA99F8ED-169F-3550-A8CB-A3E2696FAD08}.Release|x64.Build.0 = Release|x64
		{AA99F8ED-169F-3550-A8CB-A3E2696FAD08}.MinSizeRel|x64.ActiveCfg = MinSizeRel|x64
		{AA99F8ED-169F-3550-A8CB-A3E2696FAD08}.MinSizeRel|x64.Build.0 = MinSizeRel|x64
		{AA99F8ED-169F-3550-A8CB-A3E2696FAD08}.RelWithDebInfo|x64.ActiveCfg = RelWithDebInfo|x64
		{AA99F8ED-169F-3550-A8CB-A3E2696FAD08}.RelWithDebInfo|x64.Build.0 = RelWithDebInfo|x64
		{807FE163-F8EC-3A4C-8636-6B56DEF226CC}.Debug|x64.ActiveCfg = Debug|x64
		{807FE163-F8EC-3A4C-8636-6B56DEF226CC}.Debug|x64.Build.0 = Debug|x64
		{807FE163-F8EC-3A4C-8636-6B56DEF226CC}.Release|x64.ActiveCfg = Release|x64
		{807FE163-F8EC-3A4C-8636-6B56DEF226CC}.Release|x64.Build.0 = Release|x64
		{807FE163-F8EC-3A4C-8636-6B56DEF226CC}.MinSizeRel|x64.ActiveCfg = MinSizeRel|x64
		{807FE163-F8EC-3A4C-8636-6B56DEF226CC}.MinSizeRel|x64.Build.0 = MinSizeRel|x64
		{807FE163-F8EC-3A4C-8636-6B56DEF226CC}.RelWithDebInfo|x64.ActiveCfg = RelWithDebInfo|x64
		{807FE163-F8EC-3A4C-8636-6B56DEF226CC}.RelWithDebInfo|x64.Build.0 = RelWithDebInfo|x64
		{6B1973CC-341B-3C0B-B6AE-824EA5B34314}.Debug|x64.ActiveCfg = Debug|x64
		{6B1973CC-341B-3C0B-B6AE-824EA5B34314}.Debug|x64.Build.0 = Debug|x64
		{6B1973CC-341B-3C0B-B6AE-824EA5B34314}.Release|x64.ActiveCfg = Release|x64
		{6B1973CC-341B-3C0B-B6AE-824EA5B34314}.Release|x64.Build.0 = Release|x64
		{6B1973CC-341B-3C0B-B6AE-824EA5B34314}.MinSizeRel|x64.ActiveCfg = MinSizeRel|x64
		{6B1973CC-341B-3C0B-B6AE-824EA5B34314}.MinSizeRel|x64.Build.0 = MinSizeRel|x64
		{6B1973CC-341B-3C0B-B6AE-824EA5B34314}.RelWithDebInfo|x64.ActiveCfg = RelWithDebInfo|x64
		{6B1973CC-341B-3C0B-B6AE-824EA5B34314}.RelWithDebInfo|x64.Build.0 = RelWithDebInfo|x64
		{E52D96B4-B2F0-3064-9A73-EF449EAFE9C9}.Debug|x64.ActiveCfg = Debug|x64
		{E52D96B4-B2F0-3064-9A73-EF449EAFE9C9}.Debug|x64.Build.0 = Debug|x64
		{E52D96B4-B2F0-3064-9A73-EF449EAFE9C9}.Release|x64.ActiveCfg = Release|x64
		{E52D96B4-B2F0-3064-9A73-EF449EAFE9C9}.Release|x64.Build.0 = Release|x64
		{E52D96B4-B2F0-3064-9A73-EF449EAFE9C9}.MinSizeRel|x64.ActiveCfg = MinSizeRel|x64
		{E52D96B4-B2F0-3064-9A73-EF449EAFE9C9}.MinSizeRel|x64.Build.0 = MinSizeRel|x64
		{E52D96B4-B2F0-3064-9A73-EF449EAFE9C9}.RelWithDebInfo|x64.ActiveCfg = RelWithDebInfo|x64
		{E52D96B4-B2F0-3064-9A73-EF449EAFE9C9}.RelWithDebInfo|x64.Build.0 = RelWithDebInfo|x64
		{9F5910DB-B797-3209-A226-D5366678DCCA}.Debug|x64.ActiveCfg = Debug|x64
		{9F5910DB-B797-3209-A226-D5366678DCCA}.Debug|x64.Build.0 = Debug|x64
		{9F5910DB-B797-3209-A226-D5366678DCCA}.Release|x64.ActiveCfg = Release|x64
		{9F5910DB-B797-3209-A226-D5366678DCCA}.Release|x64.Build.0 = Release|x64
		{9F5910DB-B797-3209-A226-D5366678DCCA}.MinSizeRel|x64.ActiveCfg = MinSizeRel|x64
		{9F5910DB-B797-3209-A226-D5366678DCCA}.MinSizeRel|x64.Build.0 = MinSizeRel|x64
		{9F5910DB-B797-3209-A226-D5366678DCCA}.RelWithDebInfo|x64.ActiveCfg = RelWithDebInfo|x64
		{9F5910DB-B797-3209-A226-D5366678DCCA}.RelWithDebInfo|x64.Build.0 = RelWithDebInfo|x64
		{AFD8D178-D100-3B86-A089-6EB25887E7DF}.Debug|x64.ActiveCfg = Debug|x64
		{AFD8D178-D100-3B86-A089-6EB25887E7DF}.Debug|x64.Build.0 = Debug|x64
		{AFD8D178-D100-3B86-A089-6EB25887E7DF}.Release|x64.ActiveCfg = Release|x64
		{AFD8D178-D100-3B86-A089-6EB25887E7DF}.Release|x64.Build.0 = Release|x64
		{AFD8D178-D100-3B86-A089-6EB25887E7DF}.MinSizeRel|x64.ActiveCfg = MinSizeRel|x64
		{AFD8D178-D100-3B86-A089-6EB25887E7DF}.MinSizeRel|x64.Build.0 = MinSizeRel|x64
		{AFD8D178-D100-3B86-A089-6EB25887E7DF}.RelWithDebInfo|x64.ActiveCfg = RelWithDebInfo|x64
		{AFD8D178-D100-3B86-A089-6EB25887E7DF}.RelWithDebInfo|x64.Build.0 = RelWithDebInfo|x64
		{711F8ABE-B5C2-3FCA-91AE-4D2D9B08EE6E}.Debug|x64.ActiveCfg = Debug|x64
		{711F8ABE-B5C2-3FCA-91AE-4D2D9B08EE6E}.Debug|x64.Build.0 = Debug|x64
		{711F8ABE-B5C2-3FCA-91AE-4D2D9B08EE6E}.Release|x64.ActiveCfg = Release|x64
		{711F8ABE-B5C2-3FCA-91AE-4D2D9B08EE6E}.Release|x64.Build.0 = Release|x64
		{711F8ABE-B5C2-3FCA-91AE-4D2D9B08EE6E}.MinSizeRel|x64.ActiveCfg = MinSizeRel|x64
		{711F8ABE-B5C2-3FCA-91AE-4D2D9B08EE6E}.MinSizeRel|x64.Build.0 = MinSizeRel|x64
		{711F8ABE-B5C2-3FCA-91AE-4D2D9B08EE6E}.RelWithDebInfo|x64.ActiveCfg = RelWithDebInfo|x64
		{711F8ABE-B5C2-3FCA-91AE-4D2D9B08EE6E}.RelWithDebInfo|x64.Build.0 = RelWithDebInfo|x64
		{77E61B5C-167B-35A9-93CE-2C72FE0F1357}.Debug|x64.ActiveCfg = Debug|x64
		{77E61B5C-167B-35A9-93CE-2C72FE0F1357}.Debug|x64.Build.0 = Debug|x64
		{77E61B5C-167B-35A9-93CE-2C72FE0F1357}.Release|x64.ActiveCfg = Release|x64
		{77E61B5C-167B-35A9-93CE-2C72FE0F1357}.Release|x64.Build.0 = Release|x64
		{77E61B5C-167B-35A9-93CE-2C72FE0F1357}.MinSizeRel|x64.ActiveCfg = MinSizeRel|x64
		{77E61B5C-167B-35A9-93CE-2C72FE0F1357}.MinSizeRel|x64.Build.0 = MinSizeRel|x64
		{77E61B5C-167B-35A9-93CE-2C72FE0F1357}.RelWithDebInfo|x64.ActiveCfg = RelWithDebInfo|x64
		{77E61B5C-167B-35A9-93CE-2C72FE0F1357}.RelWithDebInfo|x64.Build.0 = RelWithDebInfo|x64
		{3980F9D2-C0DC-332C-85FC-4F192B0333FF}.Debug|x64.ActiveCfg = Debug|x64
		{3980F9D2-C0DC-332C-85FC-4F192B0333FF}.Debug|x64.Build.0 = Debug|x64
		{3980F9D2-C0DC-332C-85FC-4F192B0333FF}.Release|x64.ActiveCfg = Release|x64
		{3980F9D2-C0DC-332C-85FC-4F192B0333FF}.Release|x64.Build.0 = Release|x64
		{3980F9D2-C0DC-332C-85FC-4F192B0333FF}.MinSizeRel|x64.ActiveCfg = MinSizeRel|x64
		{3980F9D2-C0DC-332C-85FC-4F192B0333FF}.MinSizeRel|x64.Build.0 = MinSizeRel|x64
		{3980F9D2-C0DC-332C-85FC-4F192B0333FF}.RelWithDebInfo|x64.ActiveCfg = RelWithDebInfo|x64
		{3980F9D2-C0DC-332C-85FC-4F192B0333FF}.RelWithDebInfo|x64.Build.0 = RelWithDebInfo|x64
		{0CE036E9-2290-3DC8-827F-3422D87EB039}.Debug|x64.ActiveCfg = Debug|x64
		{0CE036E9-2290-3DC8-827F-3422D87EB039}.Debug|x64.Build.0 = Debug|x64
		{0CE036E9-2290-3DC8-827F-3422D87EB039}.Release|x64.ActiveCfg = Release|x64
		{0CE036E9-2290-3DC8-827F-3422D87EB039}.Release|x64.Build.0 = Release|x64
		{0CE036E9-2290-3DC8-827F-3422D87EB039}.MinSizeRel|x64.ActiveCfg = MinSizeRel|x64
		{0CE036E9-2290-3DC8-827F-3422D87EB039}.MinSizeRel|x64.Build.0 = MinSizeRel|x64
		{0CE036E9-2290-3DC8-827F-3422D87EB039}.RelWithDebInfo|x64.ActiveCfg = RelWithDebInfo|x64
		{0CE036E9-2290-3DC8-827F-3422D87EB039}.RelWithDebInfo|x64.Build.0 = RelWithDebInfo|x64
		{07FF7B0A-63A7-30A5-BD4C-33B8B938DC4B}.Debug|x64.ActiveCfg = Debug|x64
		{07FF7B0A-63A7-30A5-BD4C-33B8B938DC4B}.Debug|x64.Build.0 = Debug|x64
		{07FF7B0A-63A7-30A5-BD4C-33B8B938DC4B}.Release|x64.ActiveCfg = Release|x64
		{07FF7B0A-63A7-30A5-BD4C-33B8B938DC4B}.Release|x64.Build.0 = Release|x64
		{07FF7B0A-63A7-30A5-BD4C-33B8B938DC4B}.MinSizeRel|x64.ActiveCfg = MinSizeRel|x64
		{07FF7B0A-63A7-30A5-BD4C-33B8B938DC4B}.MinSizeRel|x64.Build.0 = MinSizeRel|x64
		{07FF7B0A-63A7-30A5-BD4C-33B8B938DC4B}.RelWithDebInfo|x64.ActiveCfg = RelWithDebInfo|x64
		{07FF7B0A-63A7-30A5-BD4C-33B8B938DC4B}.RelWithDebInfo|x64.Build.0 = RelWithDebInfo|x64
		{49AD37BA-E0BD-3253-87DE-C75A9A039314}.Debug|x64.ActiveCfg = Debug|x64
		{49AD37BA-E0BD-3253-87DE-C75A9A039314}.Debug|x64.Build.0 = Debug|x64
		{49AD37BA-E0BD-3253-87DE-C75A9A039314}.Release|x64.ActiveCfg = Release|x64
		{49AD37BA-E0BD-3253-87DE-C75A9A039314}.Release|x64.Build.0 = Release|x64
		{49AD37BA-E0BD-3253-87DE-C75A9A039314}.MinSizeRel|x64.ActiveCfg = MinSizeRel|x64
		{49AD37BA-E0BD-3253-87DE-C75A9A039314}.MinSizeRel|x64.Build.0 = MinSizeRel|x64
		{49AD37BA-E0BD-3253-87DE-C75A9A039314}.RelWithDebInfo|x64.ActiveCfg = RelWithDebInfo|x64
		{49AD37BA-E0BD-3253-87DE-C75A9A039314}.RelWithDebInfo|x64.Build.0 = RelWithDebInfo|x64
		{A1128855-663B-38EA-8913-1180A3E4734C}.Debug|x64.ActiveCfg = Debug|x64
		{A1128855-663B-38EA-8913-1180A3E4734C}.Debug|x64.Build.0 = Debug|x64
		{A1128855-663B-38EA-8913-1180A3E4734C}.Release|x64.ActiveCfg = Release|x64
		{A1128855-663B-38EA-8913-1180A3E4734C}.Release|x64.Build.0 = Release|x64
		{A1128855-663B-38EA-8913-1180A3E4734C}.MinSizeRel|x64.ActiveCfg = MinSizeRel|x64
		{A1128855-663B-38EA-8913-1180A3E4734C}.MinSizeRel|x64.Build.0 = MinSizeRel|x64
		{A1128855-663B-38EA-8913-1180A3E4734C}.RelWithDebInfo|x64.ActiveCfg = RelWithDebInfo|x64
		{A1128855-663B-38EA-8913-1180A3E4734C}.RelWithDebInfo|x64.Build.0 = RelWithDebInfo|x64
		{77B68637-FA1C-3E48-A359-63EB36102C46}.Debug|x64.ActiveCfg = Debug|x64
		{77B68637-FA1C-3E48-A359-63EB36102C46}.Debug|x64.Build.0 = Debug|x64
		{77B68637-FA1C-3E48-A359-63EB36102C46}.Release|x64.ActiveCfg = Release|x64
		{77B68637-FA1C-3E48-A359-63EB36102C46}.Release|x64.Build.0 = Release|x64
		{77B68637-FA1C-3E48-A359-63EB36102C46}.MinSizeRel|x64.ActiveCfg = MinSizeRel|x64
		{77B68637-FA1C-3E48-A359-63EB36102C46}.MinSizeRel|x64.Build.0 = MinSizeRel|x64
		{77B68637-FA1C-3E48-A359-63EB36102C46}.RelWithDebInfo|x64.ActiveCfg = RelWithDebInfo|x64
		{77B68637-FA1C-3E48-A359-63EB36102C46}.RelWithDebInfo|x64.Build.0 = RelWithDebInfo|x64
		{7DAFCDC3-3DED-3EF5-A9C7-4EE495890132}.Debug|x64.ActiveCfg = Debug|x64
		{7DAFCDC3-3DED-3EF5-A9C7-4EE495890132}.Debug|x64.Build.0 = Debug|x64
		{7DAFCDC3-3DED-3EF5-A9C7-4EE495890132}.Release|x64.ActiveCfg = Release|x64
		{7DAFCDC3-3DED-3EF5-A9C7-4EE495890132}.Release|x64.Build.0 = Release|x64
		{7DAFCDC3-3DED-3EF5-A9C7-4EE495890132}.MinSizeRel|x64.ActiveCfg = MinSizeRel|x64
		{7DAFCDC3-3DED-3EF5-A9C7-4EE495890132}.MinSizeRel|x64.Build.0 = MinSizeRel|x64
		{7DAFCDC3-3DED-3EF5-A9C7-4EE495890132}.RelWithDebInfo|x64.ActiveCfg = RelWithDebInfo|x64
		{7DAFCDC3-3DED-3EF5-A9C7-4EE495890132}.RelWithDebInfo|x64.Build.0 = RelWithDebInfo|x64
		{B6FFF487-8CDE-393E-A353-784929F64230}.Debug|x64.ActiveCfg = Debug|x64
		{B6FFF487-8CDE-393E-A353-784929F64230}.Debug|x64.Build.0 = Debug|x64
		{B6FFF487-8CDE-393E-A353-784929F64230}.Release|x64.ActiveCfg = Release|x64
		{B6FFF487-8CDE-393E-A353-784929F64230}.Release|x64.Build.0 = Release|x64
		{B6FFF487-8CDE-393E-A353-784929F64230}.MinSizeRel|x64.ActiveCfg = MinSizeRel|x64
		{B6FFF487-8CDE-393E-A353-784929F64230}.MinSizeRel|x64.Build.0 = MinSizeRel|x64
		{B6FFF487-8CDE-393E-A353-784929F64230}.RelWithDebInfo|x64.ActiveCfg = RelWithDebInfo|x64
		{B6FFF487-8CDE-393E-A353-784929F64230}.RelWithDebInfo|x64.Build.0 = RelWithDebInfo|x64
		{443287EC-8FDB-3F97-B74E-57746C74E1CE}.Debug|x64.ActiveCfg = Debug|x64
		{443287EC-8FDB-3F97-B74E-57746C74E1CE}.Debug|x64.Build.0 = Debug|x64
		{443287EC-8FDB-3F97-B74E-57746C74E1CE}.Release|x64.ActiveCfg = Release|x64
		{443287EC-8FDB-3F97-B74E-57746C74E1CE}.Release|x64.Build.0 = Release|x64
		{443287EC-8FDB-3F97-B74E-57746C74E1CE}.MinSizeRel|x64.ActiveCfg = MinSizeRel|x64
		{443287EC-8FDB-3F97-B74E-57746C74E1CE}.MinSizeRel|x64.Build.0 = MinSizeRel|x64
		{443287EC-8FDB-3F97-B74E-57746C74E1CE}.RelWithDebInfo|x64.ActiveCfg = RelWithDebInfo|x64
		{443287EC-8FDB-3F97-B74E-57746C74E1CE}.RelWithDebInfo|x64.Build.0 = RelWithDebInfo|x64
		{7A9A7C88-88D7-3875-976D-6507C373D08B}.Debug|x64.ActiveCfg = Debug|x64
		{7A9A7C88-88D7-3875-976D-6507C373D08B}.Debug|x64.Build.0 = Debug|x64
		{7A9A7C88-88D7-3875-976D-6507C373D08B}.Release|x64.ActiveCfg = Release|x64
		{7A9A7C88-88D7-3875-976D-6507C373D08B}.Release|x64.Build.0 = Release|x64
		{7A9A7C88-88D7-3875-976D-6507C373D08B}.MinSizeRel|x64.ActiveCfg = MinSizeRel|x64
		{7A9A7C88-88D7-3875-976D-6507C373D08B}.MinSizeRel|x64.Build.0 = MinSizeRel|x64
		{7A9A7C88-88D7-3875-976D-6507C373D08B}.RelWithDebInfo|x64.ActiveCfg = RelWithDebInfo|x64
		{7A9A7C88-88D7-3875-976D-6507C373D08B}.RelWithDebInfo|x64.Build.0 = RelWithDebInfo|x64
		{536C1387-2964-3440-ABEB-2EB3AFA92A8E}.Debug|x64.ActiveCfg = Debug|x64
		{536C1387-2964-3440-ABEB-2EB3AFA92A8E}.Debug|x64.Build.0 = Debug|x64
		{536C1387-2964-3440-ABEB-2EB3AFA92A8E}.Release|x64.ActiveCfg = Release|x64
		{536C1387-2964-3440-ABEB-2EB3AFA92A8E}.Release|x64.Build.0 = Release|x64
		{536C1387-2964-3440-ABEB-2EB3AFA92A8E}.MinSizeRel|x64.ActiveCfg = MinSizeRel|x64
		{536C1387-2964-3440-ABEB-2EB3AFA92A8E}.MinSizeRel|x64.Build.0 = MinSizeRel|x64
		{536C1387-2964-3440-ABEB-2EB3AFA92A8E}.RelWithDebInfo|x64.ActiveCfg = RelWithDebInfo|x64
		{536C1387-2964-3440-ABEB-2EB3AFA92A8E}.RelWithDebInfo|x64.Build.0 = RelWithDebInfo|x64
		{FD951189-C829-33AA-92F3-A3CC6B1192B2}.Debug|x64.ActiveCfg = Debug|x64
		{FD951189-C829-33AA-92F3-A3CC6B1192B2}.Debug|x64.Build.0 = Debug|x64
		{FD951189-C829-33AA-92F3-A3CC6B1192B2}.Release|x64.ActiveCfg = Release|x64
		{FD951189-C829-33AA-92F3-A3CC6B1192B2}.Release|x64.Build.0 = Release|x64
		{FD951189-C829-33AA-92F3-A3CC6B1192B2}.MinSizeRel|x64.ActiveCfg = MinSizeRel|x64
		{FD951189-C829-33AA-92F3-A3CC6B1192B2}.MinSizeRel|x64.Build.0 = MinSizeRel|x64
		{FD951189-C829-33AA-92F3-A3CC6B1192B2}.RelWithDebInfo|x64.ActiveCfg = RelWithDebInfo|x64
		{FD951189-C829-33AA-92F3-A3CC6B1192B2}.RelWithDebInfo|x64.Build.0 = RelWithDebInfo|x64
		{A0471267-1DF7-3D2E-A942-EF49A82007E4}.Debug|x64.ActiveCfg = Debug|x64
		{A0471267-1DF7-3D2E-A942-EF49A82007E4}.Debug|x64.Build.0 = Debug|x64
		{A0471267-1DF7-3D2E-A942-EF49A82007E4}.Release|x64.ActiveCfg = Release|x64
		{A0471267-1DF7-3D2E-A942-EF49A82007E4}.Release|x64.Build.0 = Release|x64
		{A0471267-1DF7-3D2E-A942-EF49A82007E4}.MinSizeRel|x64.ActiveCfg = MinSizeRel|x64
		{A0471267-1DF7-3D2E-A942-EF49A82007E4}.MinSizeRel|x64.Build.0 = MinSizeRel|x64
		{A0471267-1DF7-3D2E-A942-EF49A82007E4}.RelWithDebInfo|x64.ActiveCfg = RelWithDebInfo|x64
		{A0471267-1DF7-3D2E-A942-EF49A82007E4}.RelWithDebInfo|x64.Build.0 = RelWithDebInfo|x64
		{35451272-5E6F-3CF7-A95C-FF9715C89484}.Debug|x64.ActiveCfg = Debug|x64
		{35451272-5E6F-3CF7-A95C-FF9715C89484}.Debug|x64.Build.0 = Debug|x64
		{35451272-5E6F-3CF7-A95C-FF9715C89484}.Release|x64.ActiveCfg = Release|x64
		{35451272-5E6F-3CF7-A95C-FF9715C89484}.Release|x64.Build.0 = Release|x64
		{35451272-5E6F-3CF7-A95C-FF9715C89484}.MinSizeRel|x64.ActiveCfg = MinSizeRel|x64
		{35451272-5E6F-3CF7-A95C-FF9715C89484}.MinSizeRel|x64.Build.0 = MinSizeRel|x64
		{35451272-5E6F-3CF7-A95C-FF9715C89484}.RelWithDebInfo|x64.ActiveCfg = RelWithDebInfo|x64
		{35451272-5E6F-3CF7-A95C-FF9715C89484}.RelWithDebInfo|x64.Build.0 = RelWithDebInfo|x64
		{DFE6C3D1-D2E7-37D7-A4A5-2220C03B068B}.Debug|x64.ActiveCfg = Debug|x64
		{DFE6C3D1-D2E7-37D7-A4A5-2220C03B068B}.Debug|x64.Build.0 = Debug|x64
		{DFE6C3D1-D2E7-37D7-A4A5-2220C03B068B}.Release|x64.ActiveCfg = Release|x64
		{DFE6C3D1-D2E7-37D7-A4A5-2220C03B068B}.Release|x64.Build.0 = Release|x64
		{DFE6C3D1-D2E7-37D7-A4A5-2220C03B068B}.MinSizeRel|x64.ActiveCfg = MinSizeRel|x64
		{DFE6C3D1-D2E7-37D7-A4A5-2220C03B068B}.MinSizeRel|x64.Build.0 = MinSizeRel|x64
		{DFE6C3D1-D2E7-37D7-A4A5-2220C03B068B}.RelWithDebInfo|x64.ActiveCfg = RelWithDebInfo|x64
		{DFE6C3D1-D2E7-37D7-A4A5-2220C03B068B}.RelWithDebInfo|x64.Build.0 = RelWithDebInfo|x64
		{3C4719BD-07E1-3489-B531-A522BE9A11AA}.Debug|x64.ActiveCfg = Debug|x64
		{3C4719BD-07E1-3489-B531-A522BE9A11AA}.Debug|x64.Build.0 = Debug|x64
		{3C4719BD-07E1-3489-B531-A522BE9A11AA}.Release|x64.ActiveCfg = Release|x64
		{3C4719BD-07E1-3489-B531-A522BE9A11AA}.Release|x64.Build.0 = Release|x64
		{3C4719BD-07E1-3489-B531-A522BE9A11AA}.MinSizeRel|x64.ActiveCfg = MinSizeRel|x64
		{3C4719BD-07E1-3489-B531-A522BE9A11AA}.MinSizeRel|x64.Build.0 = MinSizeRel|x64
		{3C4719BD-07E1-3489-B531-A522BE9A11AA}.RelWithDebInfo|x64.ActiveCfg = RelWithDebInfo|x64
		{3C4719BD-07E1-3489-B531-A522BE9A11AA}.RelWithDebInfo|x64.Build.0 = RelWithDebInfo|x64
		{CFEED043-7D06-3187-B942-4A59FF76335D}.Debug|x64.ActiveCfg = Debug|x64
		{CFEED043-7D06-3187-B942-4A59FF76335D}.Debug|x64.Build.0 = Debug|x64
		{CFEED043-7D06-3187-B942-4A59FF76335D}.Release|x64.ActiveCfg = Release|x64
		{CFEED043-7D06-3187-B942-4A59FF76335D}.Release|x64.Build.0 = Release|x64
		{CFEED043-7D06-3187-B942-4A59FF76335D}.MinSizeRel|x64.ActiveCfg = MinSizeRel|x64
		{CFEED043-7D06-3187-B942-4A59FF76335D}.MinSizeRel|x64.Build.0 = MinSizeRel|x64
		{CFEED043-7D06-3187-B942-4A59FF76335D}.RelWithDebInfo|x64.ActiveCfg = RelWithDebInfo|x64
		{CFEED043-7D06-3187-B942-4A59FF76335D}.RelWithDebInfo|x64.Build.0 = RelWithDebInfo|x64
		{67E32BBA-902B-318F-A1FE-913B49F5F89D}.Debug|x64.ActiveCfg = Debug|x64
		{67E32BBA-902B-318F-A1FE-913B49F5F89D}.Debug|x64.Build.0 = Debug|x64
		{67E32BBA-902B-318F-A1FE-913B49F5F89D}.Release|x64.ActiveCfg = Release|x64
		{67E32BBA-902B-318F-A1FE-913B49F5F89D}.Release|x64.Build.0 = Release|x64
		{67E32BBA-902B-318F-A1FE-913B49F5F89D}.MinSizeRel|x64.ActiveCfg = MinSizeRel|x64
		{67E32BBA-902B-318F-A1FE-913B49F5F89D}.MinSizeRel|x64.Build.0 = MinSizeRel|x64
		{67E32BBA-902B-318F-A1FE-913B49F5F89D}.RelWithDebInfo|x64.ActiveCfg = RelWithDebInfo|x64
		{67E32BBA-902B-318F-A1FE-913B49F5F89D}.RelWithDebInfo|x64.Build.0 = RelWithDebInfo|x64
		{9B5A7510-089B-32F2-B060-7CFC056CE7FC}.Debug|x64.ActiveCfg = Debug|x64
		{9B5A7510-089B-32F2-B060-7CFC056CE7FC}.Debug|x64.Build.0 = Debug|x64
		{9B5A7510-089B-32F2-B060-7CFC056CE7FC}.Release|x64.ActiveCfg = Release|x64
		{9B5A7510-089B-32F2-B060-7CFC056CE7FC}.Release|x64.Build.0 = Release|x64
		{9B5A7510-089B-32F2-B060-7CFC056CE7FC}.MinSizeRel|x64.ActiveCfg = MinSizeRel|x64
		{9B5A7510-089B-32F2-B060-7CFC056CE7FC}.MinSizeRel|x64.Build.0 = MinSizeRel|x64
		{9B5A7510-089B-32F2-B060-7CFC056CE7FC}.RelWithDebInfo|x64.ActiveCfg = RelWithDebInfo|x64
		{9B5A7510-089B-32F2-B060-7CFC056CE7FC}.RelWithDebInfo|x64.Build.0 = RelWithDebInfo|x64
		{F31F5C24-4D55-3C64-BAF9-16C3F3340DFB}.Debug|x64.ActiveCfg = Debug|x64
		{F31F5C24-4D55-3C64-BAF9-16C3F3340DFB}.Debug|x64.Build.0 = Debug|x64
		{F31F5C24-4D55-3C64-BAF9-16C3F3340DFB}.Release|x64.ActiveCfg = Release|x64
		{F31F5C24-4D55-3C64-BAF9-16C3F3340DFB}.Release|x64.Build.0 = Release|x64
		{F31F5C24-4D55-3C64-BAF9-16C3F3340DFB}.MinSizeRel|x64.ActiveCfg = MinSizeRel|x64
		{F31F5C24-4D55-3C64-BAF9-16C3F3340DFB}.MinSizeRel|x64.Build.0 = MinSizeRel|x64
		{F31F5C24-4D55-3C64-BAF9-16C3F3340DFB}.RelWithDebInfo|x64.ActiveCfg = RelWithDebInfo|x64
		{F31F5C24-4D55-3C64-BAF9-16C3F3340DFB}.RelWithDebInfo|x64.Build.0 = RelWithDebInfo|x64
		{F0DC519E-31F0-31A6-97D3-8B3B9680565E}.Debug|x64.ActiveCfg = Debug|x64
		{F0DC519E-31F0-31A6-97D3-8B3B9680565E}.Debug|x64.Build.0 = Debug|x64
		{F0DC519E-31F0-31A6-97D3-8B3B9680565E}.Release|x64.ActiveCfg = Release|x64
		{F0DC519E-31F0-31A6-97D3-8B3B9680565E}.Release|x64.Build.0 = Release|x64
		{F0DC519E-31F0-31A6-97D3-8B3B9680565E}.MinSizeRel|x64.ActiveCfg = MinSizeRel|x64
		{F0DC519E-31F0-31A6-97D3-8B3B9680565E}.MinSizeRel|x64.Build.0 = MinSizeRel|x64
		{F0DC519E-31F0-31A6-97D3-8B3B9680565E}.RelWithDebInfo|x64.ActiveCfg = RelWithDebInfo|x64
		{F0DC519E-31F0-31A6-97D3-8B3B9680565E}.RelWithDebInfo|x64.Build.0 = RelWithDebInfo|x64
		{9307DBCF-0360-303E-81F4-80074284553D}.Debug|x64.ActiveCfg = Debug|x64
		{9307DBCF-0360-303E-81F4-80074284553D}.Release|x64.ActiveCfg = Release|x64
		{9307DBCF-0360-303E-81F4-80074284553D}.MinSizeRel|x64.ActiveCfg = MinSizeRel|x64
		{9307DBCF-0360-303E-81F4-80074284553D}.RelWithDebInfo|x64.ActiveCfg = RelWithDebInfo|x64
		{161D2AEB-F20D-334E-AB94-C155D822F1AE}.Debug|x64.ActiveCfg = Debug|x64
		{161D2AEB-F20D-334E-AB94-C155D822F1AE}.Debug|x64.Build.0 = Debug|x64
		{161D2AEB-F20D-334E-AB94-C155D822F1AE}.Release|x64.ActiveCfg = Release|x64
		{161D2AEB-F20D-334E-AB94-C155D822F1AE}.Release|x64.Build.0 = Release|x64
		{161D2AEB-F20D-334E-AB94-C155D822F1AE}.MinSizeRel|x64.ActiveCfg = MinSizeRel|x64
		{161D2AEB-F20D-334E-AB94-C155D822F1AE}.MinSizeRel|x64.Build.0 = MinSizeRel|x64
		{161D2AEB-F20D-334E-AB94-C155D822F1AE}.RelWithDebInfo|x64.ActiveCfg = RelWithDebInfo|x64
		{161D2AEB-F20D-334E-AB94-C155D822F1AE}.RelWithDebInfo|x64.Build.0 = RelWithDebInfo|x64
		{1C5A9239-3C68-33EF-BD80-EB0405CB7FEB}.Debug|x64.ActiveCfg = Debug|x64
		{1C5A9239-3C68-33EF-BD80-EB0405CB7FEB}.Debug|x64.Build.0 = Debug|x64
		{1C5A9239-3C68-33EF-BD80-EB0405CB7FEB}.Release|x64.ActiveCfg = Release|x64
		{1C5A9239-3C68-33EF-BD80-EB0405CB7FEB}.Release|x64.Build.0 = Release|x64
		{1C5A9239-3C68-33EF-BD80-EB0405CB7FEB}.MinSizeRel|x64.ActiveCfg = MinSizeRel|x64
		{1C5A9239-3C68-33EF-BD80-EB0405CB7FEB}.MinSizeRel|x64.Build.0 = MinSizeRel|x64
		{1C5A9239-3C68-33EF-BD80-EB0405CB7FEB}.RelWithDebInfo|x64.ActiveCfg = RelWithDebInfo|x64
		{1C5A9239-3C68-33EF-BD80-EB0405CB7FEB}.RelWithDebInfo|x64.Build.0 = RelWithDebInfo|x64
	EndGlobalSection
	GlobalSection(NestedProjects) = preSolution
		{09549261-B0BD-36E9-AEDF-000BF4170438} = {6CF82BAD-8D17-3BC6-8B42-F709933948AB}
		{F1BEC8E6-F016-3013-8353-070C2DA17478} = {6CF82BAD-8D17-3BC6-8B42-F709933948AB}
		{AA99F8ED-169F-3550-A8CB-A3E2696FAD08} = {6CF82BAD-8D17-3BC6-8B42-F709933948AB}
		{DD56C3C1-72E1-365A-863A-8F45FAEB51D1} = {89808B05-7A51-32A4-B16D-D209A505B201}
		{D966F3E0-C4A7-3801-A8B7-4385C7D4DFD6} = {89808B05-7A51-32A4-B16D-D209A505B201}
		{3980F9D2-C0DC-332C-85FC-4F192B0333FF} = {89808B05-7A51-32A4-B16D-D209A505B201}
		{9307DBCF-0360-303E-81F4-80074284553D} = {89808B05-7A51-32A4-B16D-D209A505B201}
		{807FE163-F8EC-3A4C-8636-6B56DEF226CC} = {DD56C3C1-72E1-365A-863A-8F45FAEB51D1}
		{77E61B5C-167B-35A9-93CE-2C72FE0F1357} = {DD56C3C1-72E1-365A-863A-8F45FAEB51D1}
		{07FF7B0A-63A7-30A5-BD4C-33B8B938DC4B} = {DD56C3C1-72E1-365A-863A-8F45FAEB51D1}
		{7A9A7C88-88D7-3875-976D-6507C373D08B} = {DD56C3C1-72E1-365A-863A-8F45FAEB51D1}
		{FD951189-C829-33AA-92F3-A3CC6B1192B2} = {DD56C3C1-72E1-365A-863A-8F45FAEB51D1}
		{35451272-5E6F-3CF7-A95C-FF9715C89484} = {DD56C3C1-72E1-365A-863A-8F45FAEB51D1}
		{DFE6C3D1-D2E7-37D7-A4A5-2220C03B068B} = {DD56C3C1-72E1-365A-863A-8F45FAEB51D1}
		{3C4719BD-07E1-3489-B531-A522BE9A11AA} = {DD56C3C1-72E1-365A-863A-8F45FAEB51D1}
		{161D2AEB-F20D-334E-AB94-C155D822F1AE} = {DD56C3C1-72E1-365A-863A-8F45FAEB51D1}
		{6B1973CC-341B-3C0B-B6AE-824EA5B34314} = {D966F3E0-C4A7-3801-A8B7-4385C7D4DFD6}
		{E52D96B4-B2F0-3064-9A73-EF449EAFE9C9} = {D966F3E0-C4A7-3801-A8B7-4385C7D4DFD6}
		{9F5910DB-B797-3209-A226-D5366678DCCA} = {D966F3E0-C4A7-3801-A8B7-4385C7D4DFD6}
		{AFD8D178-D100-3B86-A089-6EB25887E7DF} = {D966F3E0-C4A7-3801-A8B7-4385C7D4DFD6}
		{711F8ABE-B5C2-3FCA-91AE-4D2D9B08EE6E} = {D966F3E0-C4A7-3801-A8B7-4385C7D4DFD6}
		{0CE036E9-2290-3DC8-827F-3422D87EB039} = {D966F3E0-C4A7-3801-A8B7-4385C7D4DFD6}
		{49AD37BA-E0BD-3253-87DE-C75A9A039314} = {D966F3E0-C4A7-3801-A8B7-4385C7D4DFD6}
		{A1128855-663B-38EA-8913-1180A3E4734C} = {D966F3E0-C4A7-3801-A8B7-4385C7D4DFD6}
		{77B68637-FA1C-3E48-A359-63EB36102C46} = {D966F3E0-C4A7-3801-A8B7-4385C7D4DFD6}
		{7DAFCDC3-3DED-3EF5-A9C7-4EE495890132} = {D966F3E0-C4A7-3801-A8B7-4385C7D4DFD6}
		{B6FFF487-8CDE-393E-A353-784929F64230} = {D966F3E0-C4A7-3801-A8B7-4385C7D4DFD6}
		{443287EC-8FDB-3F97-B74E-57746C74E1CE} = {D966F3E0-C4A7-3801-A8B7-4385C7D4DFD6}
		{536C1387-2964-3440-ABEB-2EB3AFA92A8E} = {D966F3E0-C4A7-3801-A8B7-4385C7D4DFD6}
		{A0471267-1DF7-3D2E-A942-EF49A82007E4} = {D966F3E0-C4A7-3801-A8B7-4385C7D4DFD6}
		{CFEED043-7D06-3187-B942-4A59FF76335D} = {D966F3E0-C4A7-3801-A8B7-4385C7D4DFD6}
		{67E32BBA-902B-318F-A1FE-913B49F5F89D} = {D966F3E0-C4A7-3801-A8B7-4385C7D4DFD6}
		{9B5A7510-089B-32F2-B060-7CFC056CE7FC} = {D966F3E0-C4A7-3801-A8B7-4385C7D4DFD6}
		{F31F5C24-4D55-3C64-BAF9-16C3F3340DFB} = {D966F3E0-C4A7-3801-A8B7-4385C7D4DFD6}
		{F0DC519E-31F0-31A6-97D3-8B3B9680565E} = {D966F3E0-C4A7-3801-A8B7-4385C7D4DFD6}
		{1C5A9239-3C68-33EF-BD80-EB0405CB7FEB} = {D966F3E0-C4A7-3801-A8B7-4385C7D4DFD6}
	EndGlobalSection
	GlobalSection(ExtensibilityGlobals) = postSolution
		SolutionGuid = {D6AF99F8-7EFC-3ECD-B362-D71E6CA94B55}
	EndGlobalSection
	GlobalSection(ExtensibilityAddIns) = postSolution
	EndGlobalSection
EndGlobal
